<?xml version="1.0" encoding="utf-8"?>
<Project ToolsVersion="4.0" xmlns="http://schemas.microsoft.com/developer/msbuild/2003">
  <ItemGroup>
    <Filter Include="Source Files">
      <UniqueIdentifier>{4FC737F1-C7A5-4376-A066-2A32D752A2FF}</UniqueIdentifier>
      <Extensions>cpp;c;cc;cxx;def;odl;idl;hpj;bat;asm;asmx</Extensions>
    </Filter>
    <Filter Include="Header Files">
      <UniqueIdentifier>{93995380-89BD-4b04-88EB-625FBE52EBFB}</UniqueIdentifier>
      <Extensions>h;hpp;hxx;hm;inl;inc;xsd</Extensions>
    </Filter>
    <Filter Include="Resource Files">
      <UniqueIdentifier>{67DA6AB6-F800-4c08-8B7A-83BB121AAD01}</UniqueIdentifier>
      <Extensions>rc;ico;cur;bmp;dlg;rc2;rct;bin;rgs;gif;jpg;jpeg;jpe;resx;tiff;tif;png;wav;mfcribbon-ms</Extensions>
    </Filter>
    <Filter Include="Source Files\bullet">
      <UniqueIdentifier>{7d5107ac-c440-475b-90f1-243d54eb6da1}</UniqueIdentifier>
    </Filter>
    <Filter Include="Source Files\bullet\LinearMath">
      <UniqueIdentifier>{e28f77c4-d7c2-4173-b509-ee912b1ea46e}</UniqueIdentifier>
    </Filter>
    <Filter Include="Source Files\custom">
      <UniqueIdentifier>{c64759de-0328-4cc8-8d05-eb031721f5a7}</UniqueIdentifier>
    </Filter>
    <Filter Include="Source Files\custom\gdx">
      <UniqueIdentifier>{7eee41f0-7cc3-4f26-9c70-92bde41bea82}</UniqueIdentifier>
    </Filter>
    <Filter Include="Source Files\custom\gdx\common">
      <UniqueIdentifier>{97237ff2-53b2-41e1-9cd5-927c30d1770e}</UniqueIdentifier>
    </Filter>
    <Filter Include="Source Files\custom\gdx\linearmath">
      <UniqueIdentifier>{367e5c0c-baab-4969-91d8-cf1af9495d45}</UniqueIdentifier>
    </Filter>
  </ItemGroup>
  <ItemGroup>
    <ClCompile Include="..\..\..\src\bullet\LinearMath\btAlignedAllocator.cpp">
      <Filter>Source Files\bullet\LinearMath</Filter>
    </ClCompile>
    <ClCompile Include="..\..\..\src\bullet\LinearMath\btConvexHull.cpp">
      <Filter>Source Files\bullet\LinearMath</Filter>
    </ClCompile>
    <ClCompile Include="..\..\..\src\bullet\LinearMath\btConvexHullComputer.cpp">
      <Filter>Source Files\bullet\LinearMath</Filter>
    </ClCompile>
    <ClCompile Include="..\..\..\src\bullet\LinearMath\btGeometryUtil.cpp">
      <Filter>Source Files\bullet\LinearMath</Filter>
    </ClCompile>
    <ClCompile Include="..\..\..\src\bullet\LinearMath\btPolarDecomposition.cpp">
      <Filter>Source Files\bullet\LinearMath</Filter>
    </ClCompile>
    <ClCompile Include="..\..\..\src\bullet\LinearMath\btQuickprof.cpp">
      <Filter>Source Files\bullet\LinearMath</Filter>
    </ClCompile>
    <ClCompile Include="..\..\..\src\bullet\LinearMath\btSerializer.cpp">
      <Filter>Source Files\bullet\LinearMath</Filter>
    </ClCompile>
    <ClCompile Include="..\..\..\src\bullet\LinearMath\btVector3.cpp">
      <Filter>Source Files\bullet\LinearMath</Filter>
    </ClCompile>
    <ClCompile Include="..\..\..\swig-src\linearmath\linearmath_wrap.cpp">
      <Filter>Source Files</Filter>
    </ClCompile>
    <ClCompile Include="..\..\..\src\custom\gdx\common\jniHelpers.cpp">
      <Filter>Source Files\custom\gdx\common</Filter>
    </ClCompile>
    <ClCompile Include="..\..\..\src\custom\gdx\linearmath\mathtypes.cpp">
      <Filter>Source Files\custom\gdx\linearmath</Filter>
    </ClCompile>
  </ItemGroup>
</Project>