
Microsoft Visual Studio Solution File, Format Version 11.00
# Visual Studio 2010
Project("{FAE04EC0-301F-11D3-BF4B-00C04F79EFBC}") = "pax-britannica-iosmonotouch", "pax-britannica-iosmonotouch\pax-britannica-iosmonotouch.csproj", "{3E4B1624-9CE0-4320-BADD-215CB9585C9B}"
EndProject
Global
	GlobalSection(SolutionConfigurationPlatforms) = preSolution
		Debug|iPhoneSimulator = Debug|iPhoneSimulator
		Release|iPhoneSimulator = Release|iPhoneSimulator
		Debug|iPhone = Debug|iPhone
		Release|iPhone = Release|iPhone
		Ad-Hoc|iPhone = Ad-Hoc|iPhone
		AppStore|iPhone = AppStore|iPhone
	EndGlobalSection
	GlobalSection(ProjectConfigurationPlatforms) = postSolution
		{3E4B1624-9CE0-4320-BADD-215CB9585C9B}.Ad-Hoc|iPhone.ActiveCfg = Ad-Hoc|iPhone
		{3E4B1624-9CE0-4320-BADD-215CB9585C9B}.Ad-Hoc|iPhone.Build.0 = Ad-Hoc|iPhone
		{3E4B1624-9CE0-4320-BADD-215CB9585C9B}.AppStore|iPhone.ActiveCfg = AppStore|iPhone
		{3E4B1624-9CE0-4320-BADD-215CB9585C9B}.AppStore|iPhone.Build.0 = AppStore|iPhone
		{3E4B1624-9CE0-4320-BADD-215CB9585C9B}.Debug|iPhone.ActiveCfg = Debug|iPhone
		{3E4B1624-9CE0-4320-BADD-215CB9585C9B}.Debug|iPhone.Build.0 = Debug|iPhone
		{3E4B1624-9CE0-4320-BADD-215CB9585C9B}.Debug|iPhoneSimulator.ActiveCfg = Debug|iPhoneSimulator
		{3E4B1624-9CE0-4320-BADD-215CB9585C9B}.Debug|iPhoneSimulator.Build.0 = Debug|iPhoneSimulator
		{3E4B1624-9CE0-4320-BADD-215CB9585C9B}.Release|iPhone.ActiveCfg = Release|iPhone
		{3E4B1624-9CE0-4320-BADD-215CB9585C9B}.Release|iPhone.Build.0 = Release|iPhone
		{3E4B1624-9CE0-4320-BADD-215CB9585C9B}.Release|iPhoneSimulator.ActiveCfg = Release|iPhoneSimulator
		{3E4B1624-9CE0-4320-BADD-215CB9585C9B}.Release|iPhoneSimulator.Build.0 = Release|iPhoneSimulator
	EndGlobalSection
	GlobalSection(MonoDevelopProperties) = preSolution
		StartupItem = pax-britannica-iosmonotouch\pax-britannica-iosmonotouch.csproj
	EndGlobalSection
EndGlobal
