Microsoft Visual Studio Solution File, Format Version 8.00
Project("{8BC9CEB8-8B4A-11D0-8D11-00A0C91BC942}") = "OIS", "OIS.vcproj", "{9CC704CB-4956-4479-BDEC-57CBC03F700E}"
	ProjectSection(ProjectDependencies) = postProject
	EndProjectSection
EndProject
Project("{8BC9CEB8-8B4A-11D0-8D11-00A0C91BC942}") = "Demo_Console", "CommandLine\CommandLine.vcproj", "{7AC600E2-2B46-4204-8DEB-9E49A9BAF65F}"
	ProjectSection(ProjectDependencies) = postProject
		{9CC704CB-4956-4479-BDEC-57CBC03F700E} = {9CC704CB-4956-4479-BDEC-57CBC03F700E}
	EndProjectSection
EndProject
Project("{8BC9CEB8-8B4A-11D0-8D11-00A0C91BC942}") = "Demo_FFTest", "DemoFFTest\DemoFFTest.vcproj", "{D1912D13-C99D-4959-ABDC-62BF71AD5A1A}"
	ProjectSection(ProjectDependencies) = postProject
		{9CC704CB-4956-4479-BDEC-57CBC03F700E} = {9CC704CB-4956-4479-BDEC-57CBC03F700E}
	EndProjectSection
EndProject
Global
	GlobalSection(SolutionConfiguration) = preSolution
		Debug = Debug
		Release = Release
	EndGlobalSection
	GlobalSection(ProjectConfiguration) = postSolution
		{9CC704CB-4956-4479-BDEC-57CBC03F700E}.Debug.ActiveCfg = Debug|Win32
		{9CC704CB-4956-4479-BDEC-57CBC03F700E}.Debug.Build.0 = Debug|Win32
		{9CC704CB-4956-4479-BDEC-57CBC03F700E}.Release.ActiveCfg = Release|Win32
		{9CC704CB-4956-4479-BDEC-57CBC03F700E}.Release.Build.0 = Release|Win32
		{7AC600E2-2B46-4204-8DEB-9E49A9BAF65F}.Debug.ActiveCfg = Debug|Win32
		{7AC600E2-2B46-4204-8DEB-9E49A9BAF65F}.Debug.Build.0 = Debug|Win32
		{7AC600E2-2B46-4204-8DEB-9E49A9BAF65F}.Release.ActiveCfg = Release|Win32
		{7AC600E2-2B46-4204-8DEB-9E49A9BAF65F}.Release.Build.0 = Release|Win32
		{D1912D13-C99D-4959-ABDC-62BF71AD5A1A}.Debug.ActiveCfg = Debug|Win32
		{D1912D13-C99D-4959-ABDC-62BF71AD5A1A}.Debug.Build.0 = Debug|Win32
		{D1912D13-C99D-4959-ABDC-62BF71AD5A1A}.Release.ActiveCfg = Release|Win32
		{D1912D13-C99D-4959-ABDC-62BF71AD5A1A}.Release.Build.0 = Release|Win32
	EndGlobalSection
	GlobalSection(ExtensibilityGlobals) = postSolution
	EndGlobalSection
	GlobalSection(ExtensibilityAddIns) = postSolution
	EndGlobalSection
EndGlobal
