<?xml version="1.0" encoding="utf-8"?>
<Project ToolsVersion="4.0" xmlns="http://schemas.microsoft.com/developer/msbuild/2003">
  <ItemGroup>
    <Filter Include="Source Files">
      <UniqueIdentifier>{48e9228d-369a-4767-bbc5-dafe844c3780}</UniqueIdentifier>
      <Extensions>cpp;c;cxx;def;odl;idl;hpj;bat;asm</Extensions>
    </Filter>
    <Filter Include="Source Files\Win32">
      <UniqueIdentifier>{389c4208-f6f7-447c-9537-df7dbcd4a91f}</UniqueIdentifier>
    </Filter>
    <Filter Include="Header Files">
      <UniqueIdentifier>{cf60fc04-520e-40e4-b2cc-9c58dcdcbe00}</UniqueIdentifier>
      <Extensions>h;hpp;hxx;hm;inl;inc</Extensions>
    </Filter>
    <Filter Include="Header Files\Win32">
      <UniqueIdentifier>{07206dd4-d20f-454a-ae90-b78d6d74dea8}</UniqueIdentifier>
    </Filter>
    <Filter Include="Header Files\Interface">
      <UniqueIdentifier>{96c6cb0b-fad1-4f7c-a0de-80ed75953da1}</UniqueIdentifier>
    </Filter>
    <Filter Include="Extras">
      <UniqueIdentifier>{de71993b-4545-43ce-916e-2fbb4f5cb3dc}</UniqueIdentifier>
    </Filter>
    <Filter Include="Extras\WiiMote">
      <UniqueIdentifier>{223c9e08-82c0-4c7f-84a4-2e9dbe330186}</UniqueIdentifier>
    </Filter>
    <Filter Include="Extras\LIRC">
      <UniqueIdentifier>{b499da16-36e6-41a3-960a-284308f9d43b}</UniqueIdentifier>
    </Filter>
    <Filter Include="Extras\XInput">
      <UniqueIdentifier>{3d9a6bd9-e75b-40d4-bc06-e5ed0bea56ae}</UniqueIdentifier>
    </Filter>
  </ItemGroup>
  <ItemGroup>
    <ClCompile Include="..\src\OISEffect.cpp">
      <Filter>Source Files</Filter>
    </ClCompile>
    <ClCompile Include="..\src\OISException.cpp">
      <Filter>Source Files</Filter>
    </ClCompile>
    <ClCompile Include="..\src\OISForceFeedback.cpp">
      <Filter>Source Files</Filter>
    </ClCompile>
    <ClCompile Include="..\src\OISInputManager.cpp">
      <Filter>Source Files</Filter>
    </ClCompile>
    <ClCompile Include="..\src\OISJoyStick.cpp">
      <Filter>Source Files</Filter>
    </ClCompile>
    <ClCompile Include="..\src\OISKeyboard.cpp">
      <Filter>Source Files</Filter>
    </ClCompile>
    <ClCompile Include="..\src\OISObject.cpp">
      <Filter>Source Files</Filter>
    </ClCompile>
    <ClCompile Include="..\src\win32\Win32ForceFeedback.cpp">
      <Filter>Source Files\Win32</Filter>
    </ClCompile>
    <ClCompile Include="..\src\win32\Win32InputManager.cpp">
      <Filter>Source Files\Win32</Filter>
    </ClCompile>
    <ClCompile Include="..\src\win32\Win32JoyStick.cpp">
      <Filter>Source Files\Win32</Filter>
    </ClCompile>
    <ClCompile Include="..\src\win32\Win32KeyBoard.cpp">
      <Filter>Source Files\Win32</Filter>
    </ClCompile>
    <ClCompile Include="..\src\win32\Win32Mouse.cpp">
      <Filter>Source Files\Win32</Filter>
    </ClCompile>
    <ClCompile Include="..\src\win32\extras\WiiMote\hiddevice.cpp">
      <Filter>Extras\WiiMote</Filter>
    </ClCompile>
    <ClCompile Include="..\src\win32\extras\WiiMote\OISWiiMote.cpp">
      <Filter>Extras\WiiMote</Filter>
    </ClCompile>
    <ClCompile Include="..\src\win32\extras\WiiMote\OISWiiMoteFactoryCreator.cpp">
      <Filter>Extras\WiiMote</Filter>
    </ClCompile>
    <ClCompile Include="..\src\win32\extras\WiiMote\OISWiiMoteForceFeedback.cpp">
      <Filter>Extras\WiiMote</Filter>
    </ClCompile>
    <ClCompile Include="..\src\win32\extras\WiiMote\OISWiiMoteRingBuffer.cpp">
      <Filter>Extras\WiiMote</Filter>
    </ClCompile>
    <ClCompile Include="..\src\win32\extras\WiiMote\wiimote.cpp">
      <Filter>Extras\WiiMote</Filter>
    </ClCompile>
    <ClCompile Include="..\src\extras\LIRC\OISLIRC.cpp">
      <Filter>Extras\LIRC</Filter>
    </ClCompile>
    <ClCompile Include="..\src\extras\LIRC\OISLIRCFactoryCreator.cpp">
      <Filter>Extras\LIRC</Filter>
    </ClCompile>
  </ItemGroup>
  <ItemGroup>
    <ClInclude Include="..\includes\OIS.h">
      <Filter>Header Files</Filter>
    </ClInclude>
    <ClInclude Include="..\includes\OISConfig.h">
      <Filter>Header Files</Filter>
    </ClInclude>
    <ClInclude Include="..\includes\OISEvents.h">
      <Filter>Header Files</Filter>
    </ClInclude>
    <ClInclude Include="..\includes\OISException.h">
      <Filter>Header Files</Filter>
    </ClInclude>
    <ClInclude Include="..\includes\OISFactoryCreator.h">
      <Filter>Header Files</Filter>
    </ClInclude>
    <ClInclude Include="..\includes\OISInputManager.h">
      <Filter>Header Files</Filter>
    </ClInclude>
    <ClInclude Include="..\includes\OISJoystick.h">
      <Filter>Header Files</Filter>
    </ClInclude>
    <ClInclude Include="..\includes\OISKeyboard.h">
      <Filter>Header Files</Filter>
    </ClInclude>
    <ClInclude Include="..\includes\OISMouse.h">
      <Filter>Header Files</Filter>
    </ClInclude>
    <ClInclude Include="..\includes\OISObject.h">
      <Filter>Header Files</Filter>
    </ClInclude>
    <ClInclude Include="..\includes\OISPrereqs.h">
      <Filter>Header Files</Filter>
    </ClInclude>
    <ClInclude Include="..\includes\win32\Win32ForceFeedback.h">
      <Filter>Header Files\Win32</Filter>
    </ClInclude>
    <ClInclude Include="..\includes\win32\Win32InputManager.h">
      <Filter>Header Files\Win32</Filter>
    </ClInclude>
    <ClInclude Include="..\includes\win32\Win32JoyStick.h">
      <Filter>Header Files\Win32</Filter>
    </ClInclude>
    <ClInclude Include="..\includes\win32\Win32KeyBoard.h">
      <Filter>Header Files\Win32</Filter>
    </ClInclude>
    <ClInclude Include="..\includes\win32\Win32Mouse.h">
      <Filter>Header Files\Win32</Filter>
    </ClInclude>
    <ClInclude Include="..\includes\win32\Win32Prereqs.h">
      <Filter>Header Files\Win32</Filter>
    </ClInclude>
    <ClInclude Include="..\includes\OISEffect.h">
      <Filter>Header Files\Interface</Filter>
    </ClInclude>
    <ClInclude Include="..\includes\OISForceFeedback.h">
      <Filter>Header Files\Interface</Filter>
    </ClInclude>
    <ClInclude Include="..\includes\OISInterface.h">
      <Filter>Header Files\Interface</Filter>
    </ClInclude>
    <ClInclude Include="..\src\win32\extras\WiiMote\hiddevice.h">
      <Filter>Extras\WiiMote</Filter>
    </ClInclude>
    <ClInclude Include="..\src\win32\extras\WiiMote\OISWiiMote.h">
      <Filter>Extras\WiiMote</Filter>
    </ClInclude>
    <ClInclude Include="..\src\win32\extras\WiiMote\OISWiiMoteFactoryCreator.h">
      <Filter>Extras\WiiMote</Filter>
    </ClInclude>
    <ClInclude Include="..\src\win32\extras\WiiMote\OISWiiMoteForceFeedback.h">
      <Filter>Extras\WiiMote</Filter>
    </ClInclude>
    <ClInclude Include="..\src\win32\extras\WiiMote\OISWiiMoteRingBuffer.h">
      <Filter>Extras\WiiMote</Filter>
    </ClInclude>
    <ClInclude Include="..\src\win32\extras\WiiMote\wiimote.h">
      <Filter>Extras\WiiMote</Filter>
    </ClInclude>
    <ClInclude Include="..\src\extras\LIRC\OISLIRC.h">
      <Filter>Extras\LIRC</Filter>
    </ClInclude>
    <ClInclude Include="..\src\extras\LIRC\OISLIRCFactoryCreator.h">
      <Filter>Extras\LIRC</Filter>
    </ClInclude>
    <ClInclude Include="..\src\extras\LIRC\OISLIRCRingBuffer.h">
      <Filter>Extras\LIRC</Filter>
    </ClInclude>
    <ClInclude Include="resource.h">
      <Filter>Header Files</Filter>
    </ClInclude>
  </ItemGroup>
  <ItemGroup>
    <ResourceCompile Include="OIS.rc" />
  </ItemGroup>
</Project>