<?xml version="1.0" encoding="utf-8"?>
<Project ToolsVersion="4.0" xmlns="http://schemas.microsoft.com/developer/msbuild/2003">
  <ItemGroup>
    <Filter Include="Source Files">
      <UniqueIdentifier>{4FC737F1-C7A5-4376-A066-2A32D752A2FF}</UniqueIdentifier>
      <Extensions>cpp;c;cc;cxx;def;odl;idl;hpj;bat;asm;asmx</Extensions>
    </Filter>
    <Filter Include="Header Files">
      <UniqueIdentifier>{93995380-89BD-4b04-88EB-625FBE52EBFB}</UniqueIdentifier>
      <Extensions>h;hh;hpp;hxx;hm;inl;inc;xsd</Extensions>
    </Filter>
    <Filter Include="Resource Files">
      <UniqueIdentifier>{67DA6AB6-F800-4c08-8B7A-83BB121AAD01}</UniqueIdentifier>
      <Extensions>rc;ico;cur;bmp;dlg;rc2;rct;bin;rgs;gif;jpg;jpeg;jpe;resx;tiff;tif;png;wav;mfcribbon-ms</Extensions>
    </Filter>
    <Filter Include="Source Files\bullet">
      <UniqueIdentifier>{bb5d3c24-7114-4f4d-bf6a-5e5b78a27692}</UniqueIdentifier>
    </Filter>
    <Filter Include="Source Files\bullet\BulletInverseDynamics">
      <UniqueIdentifier>{ddba0aa7-9822-482e-ac0c-d4ca3a413b56}</UniqueIdentifier>
    </Filter>
  </ItemGroup>
  <ItemGroup>
    <ClCompile Include="..\..\..\src\bullet\BulletInverseDynamics\IDMath.cpp">
      <Filter>Source Files\bullet\BulletInverseDynamics</Filter>
    </ClCompile>
    <ClCompile Include="..\..\..\src\bullet\BulletInverseDynamics\MultiBodyTree.cpp">
      <Filter>Source Files\bullet\BulletInverseDynamics</Filter>
    </ClCompile>
    <ClCompile Include="..\..\..\src\bullet\BulletInverseDynamics\details\MultiBodyTreeImpl.cpp">
      <Filter>Source Files\bullet\BulletInverseDynamics</Filter>
    </ClCompile>
    <ClCompile Include="..\..\..\src\bullet\BulletInverseDynamics\details\MultiBodyTreeInitCache.cpp">
      <Filter>Source Files\bullet\BulletInverseDynamics</Filter>
    </ClCompile>
    <ClCompile Include="..\..\..\swig-src\inversedynamics\inversedynamics_wrap.cpp">
      <Filter>Source Files</Filter>
    </ClCompile>
  </ItemGroup>
</Project>