
Microsoft Visual Studio Solution File, Format Version 11.00
# Visual Studio 2010
Project("{FAE04EC0-301F-11D3-BF4B-00C04F79EFBC}") = "gdx-vectorpinball-ios", "gdx-vectorpinball-ios\gdx-vectorpinball-ios.csproj", "{3D6A15CB-C4D0-4F6D-B152-EBF9D66064E5}"
EndProject
Global
	GlobalSection(SolutionConfigurationPlatforms) = preSolution
		Debug|iPhoneSimulator = Debug|iPhoneSimulator
		Release|iPhoneSimulator = Release|iPhoneSimulator
		Debug|iPhone = Debug|iPhone
		Release|iPhone = Release|iPhone
		Ad-Hoc|iPhone = Ad-Hoc|iPhone
		AppStore|iPhone = AppStore|iPhone
	EndGlobalSection
	GlobalSection(ProjectConfigurationPlatforms) = postSolution
		{3D6A15CB-C4D0-4F6D-B152-EBF9D66064E5}.Ad-Hoc|iPhone.ActiveCfg = Ad-Hoc|iPhone
		{3D6A15CB-C4D0-4F6D-B152-EBF9D66064E5}.Ad-Hoc|iPhone.Build.0 = Ad-Hoc|iPhone
		{3D6A15CB-C4D0-4F6D-B152-EBF9D66064E5}.AppStore|iPhone.ActiveCfg = AppStore|iPhone
		{3D6A15CB-C4D0-4F6D-B152-EBF9D66064E5}.AppStore|iPhone.Build.0 = AppStore|iPhone
		{3D6A15CB-C4D0-4F6D-B152-EBF9D66064E5}.Debug|iPhone.ActiveCfg = Debug|iPhone
		{3D6A15CB-C4D0-4F6D-B152-EBF9D66064E5}.Debug|iPhone.Build.0 = Debug|iPhone
		{3D6A15CB-C4D0-4F6D-B152-EBF9D66064E5}.Debug|iPhoneSimulator.ActiveCfg = Debug|iPhoneSimulator
		{3D6A15CB-C4D0-4F6D-B152-EBF9D66064E5}.Debug|iPhoneSimulator.Build.0 = Debug|iPhoneSimulator
		{3D6A15CB-C4D0-4F6D-B152-EBF9D66064E5}.Release|iPhone.ActiveCfg = Release|iPhone
		{3D6A15CB-C4D0-4F6D-B152-EBF9D66064E5}.Release|iPhone.Build.0 = Release|iPhone
		{3D6A15CB-C4D0-4F6D-B152-EBF9D66064E5}.Release|iPhoneSimulator.ActiveCfg = Release|iPhoneSimulator
		{3D6A15CB-C4D0-4F6D-B152-EBF9D66064E5}.Release|iPhoneSimulator.Build.0 = Release|iPhoneSimulator
	EndGlobalSection
	GlobalSection(MonoDevelopProperties) = preSolution
		StartupItem = gdx-vectorpinball-ios\gdx-vectorpinball-ios.csproj
	EndGlobalSection
EndGlobal
