// !$*UTF8*$!
{
	archiveVersion = 1;
	classes = {
	};
	objectVersion = 46;
	objects = {

/* Begin PBXBuildFile section */
		76056F79157C140D004CE04B /* Foundation.framework in Frameworks */ = {isa = PBXBuildFile; fileRef = 76056F78157C140D004CE04B /* Foundation.framework */; };
		7605713E157C15EF004CE04B /* Box2D.h in Headers */ = {isa = PBXBuildFile; fileRef = 760570DB157C15EF004CE04B /* Box2D.h */; };
		7605713F157C15EF004CE04B /* b2BroadPhase.cpp in Sources */ = {isa = PBXBuildFile; fileRef = 760570DE157C15EF004CE04B /* b2BroadPhase.cpp */; };
		76057140157C15EF004CE04B /* b2BroadPhase.h in Headers */ = {isa = PBXBuildFile; fileRef = 760570DF157C15EF004CE04B /* b2BroadPhase.h */; };
		76057141157C15EF004CE04B /* b2CollideCircle.cpp in Sources */ = {isa = PBXBuildFile; fileRef = 760570E0157C15EF004CE04B /* b2CollideCircle.cpp */; };
		76057142157C15EF004CE04B /* b2CollideEdge.cpp in Sources */ = {isa = PBXBuildFile; fileRef = 760570E1157C15EF004CE04B /* b2CollideEdge.cpp */; };
		76057143157C15EF004CE04B /* b2CollidePolygon.cpp in Sources */ = {isa = PBXBuildFile; fileRef = 760570E2157C15EF004CE04B /* b2CollidePolygon.cpp */; };
		76057144157C15EF004CE04B /* b2Collision.cpp in Sources */ = {isa = PBXBuildFile; fileRef = 760570E3157C15EF004CE04B /* b2Collision.cpp */; };
		76057145157C15EF004CE04B /* b2Collision.h in Headers */ = {isa = PBXBuildFile; fileRef = 760570E4157C15EF004CE04B /* b2Collision.h */; };
		76057146157C15EF004CE04B /* b2Distance.cpp in Sources */ = {isa = PBXBuildFile; fileRef = 760570E5157C15EF004CE04B /* b2Distance.cpp */; };
		76057147157C15EF004CE04B /* b2Distance.h in Headers */ = {isa = PBXBuildFile; fileRef = 760570E6157C15EF004CE04B /* b2Distance.h */; };
		76057148157C15EF004CE04B /* b2DynamicTree.cpp in Sources */ = {isa = PBXBuildFile; fileRef = 760570E7157C15EF004CE04B /* b2DynamicTree.cpp */; };
		76057149157C15EF004CE04B /* b2DynamicTree.h in Headers */ = {isa = PBXBuildFile; fileRef = 760570E8157C15EF004CE04B /* b2DynamicTree.h */; };
		7605714A157C15EF004CE04B /* b2TimeOfImpact.cpp in Sources */ = {isa = PBXBuildFile; fileRef = 760570E9157C15EF004CE04B /* b2TimeOfImpact.cpp */; };
		7605714B157C15EF004CE04B /* b2TimeOfImpact.h in Headers */ = {isa = PBXBuildFile; fileRef = 760570EA157C15EF004CE04B /* b2TimeOfImpact.h */; };
		7605714C157C15EF004CE04B /* b2ChainShape.cpp in Sources */ = {isa = PBXBuildFile; fileRef = 760570EC157C15EF004CE04B /* b2ChainShape.cpp */; };
		7605714D157C15EF004CE04B /* b2ChainShape.h in Headers */ = {isa = PBXBuildFile; fileRef = 760570ED157C15EF004CE04B /* b2ChainShape.h */; };
		7605714E157C15EF004CE04B /* b2CircleShape.cpp in Sources */ = {isa = PBXBuildFile; fileRef = 760570EE157C15EF004CE04B /* b2CircleShape.cpp */; };
		7605714F157C15EF004CE04B /* b2CircleShape.h in Headers */ = {isa = PBXBuildFile; fileRef = 760570EF157C15EF004CE04B /* b2CircleShape.h */; };
		76057150157C15EF004CE04B /* b2EdgeShape.cpp in Sources */ = {isa = PBXBuildFile; fileRef = 760570F0157C15EF004CE04B /* b2EdgeShape.cpp */; };
		76057151157C15EF004CE04B /* b2EdgeShape.h in Headers */ = {isa = PBXBuildFile; fileRef = 760570F1157C15EF004CE04B /* b2EdgeShape.h */; };
		76057152157C15EF004CE04B /* b2PolygonShape.cpp in Sources */ = {isa = PBXBuildFile; fileRef = 760570F2157C15EF004CE04B /* b2PolygonShape.cpp */; };
		76057153157C15EF004CE04B /* b2PolygonShape.h in Headers */ = {isa = PBXBuildFile; fileRef = 760570F3157C15EF004CE04B /* b2PolygonShape.h */; };
		76057154157C15EF004CE04B /* b2Shape.h in Headers */ = {isa = PBXBuildFile; fileRef = 760570F4157C15EF004CE04B /* b2Shape.h */; };
		76057155157C15EF004CE04B /* b2BlockAllocator.cpp in Sources */ = {isa = PBXBuildFile; fileRef = 760570F6157C15EF004CE04B /* b2BlockAllocator.cpp */; };
		76057156157C15EF004CE04B /* b2BlockAllocator.h in Headers */ = {isa = PBXBuildFile; fileRef = 760570F7157C15EF004CE04B /* b2BlockAllocator.h */; };
		76057157157C15EF004CE04B /* b2Draw.cpp in Sources */ = {isa = PBXBuildFile; fileRef = 760570F8157C15EF004CE04B /* b2Draw.cpp */; };
		76057158157C15EF004CE04B /* b2Draw.h in Headers */ = {isa = PBXBuildFile; fileRef = 760570F9157C15EF004CE04B /* b2Draw.h */; };
		76057159157C15EF004CE04B /* b2GrowableStack.h in Headers */ = {isa = PBXBuildFile; fileRef = 760570FA157C15EF004CE04B /* b2GrowableStack.h */; };
		7605715A157C15EF004CE04B /* b2Math.cpp in Sources */ = {isa = PBXBuildFile; fileRef = 760570FB157C15EF004CE04B /* b2Math.cpp */; };
		7605715B157C15EF004CE04B /* b2Math.h in Headers */ = {isa = PBXBuildFile; fileRef = 760570FC157C15EF004CE04B /* b2Math.h */; };
		7605715C157C15EF004CE04B /* b2Settings.cpp in Sources */ = {isa = PBXBuildFile; fileRef = 760570FD157C15EF004CE04B /* b2Settings.cpp */; };
		7605715D157C15EF004CE04B /* b2Settings.h in Headers */ = {isa = PBXBuildFile; fileRef = 760570FE157C15EF004CE04B /* b2Settings.h */; };
		7605715E157C15EF004CE04B /* b2StackAllocator.cpp in Sources */ = {isa = PBXBuildFile; fileRef = 760570FF157C15EF004CE04B /* b2StackAllocator.cpp */; };
		7605715F157C15EF004CE04B /* b2StackAllocator.h in Headers */ = {isa = PBXBuildFile; fileRef = 76057100157C15EF004CE04B /* b2StackAllocator.h */; };
		76057160157C15EF004CE04B /* b2Timer.cpp in Sources */ = {isa = PBXBuildFile; fileRef = 76057101157C15EF004CE04B /* b2Timer.cpp */; };
		76057161157C15EF004CE04B /* b2Timer.h in Headers */ = {isa = PBXBuildFile; fileRef = 76057102157C15EF004CE04B /* b2Timer.h */; };
		76057162157C15EF004CE04B /* b2Body.cpp in Sources */ = {isa = PBXBuildFile; fileRef = 76057104157C15EF004CE04B /* b2Body.cpp */; };
		76057163157C15EF004CE04B /* b2Body.h in Headers */ = {isa = PBXBuildFile; fileRef = 76057105157C15EF004CE04B /* b2Body.h */; };
		76057164157C15EF004CE04B /* b2ContactManager.cpp in Sources */ = {isa = PBXBuildFile; fileRef = 76057106157C15EF004CE04B /* b2ContactManager.cpp */; };
		76057165157C15EF004CE04B /* b2ContactManager.h in Headers */ = {isa = PBXBuildFile; fileRef = 76057107157C15EF004CE04B /* b2ContactManager.h */; };
		76057166157C15EF004CE04B /* b2Fixture.cpp in Sources */ = {isa = PBXBuildFile; fileRef = 76057108157C15EF004CE04B /* b2Fixture.cpp */; };
		76057167157C15EF004CE04B /* b2Fixture.h in Headers */ = {isa = PBXBuildFile; fileRef = 76057109157C15EF004CE04B /* b2Fixture.h */; };
		76057168157C15EF004CE04B /* b2Island.cpp in Sources */ = {isa = PBXBuildFile; fileRef = 7605710A157C15EF004CE04B /* b2Island.cpp */; };
		76057169157C15EF004CE04B /* b2Island.h in Headers */ = {isa = PBXBuildFile; fileRef = 7605710B157C15EF004CE04B /* b2Island.h */; };
		7605716A157C15EF004CE04B /* b2TimeStep.h in Headers */ = {isa = PBXBuildFile; fileRef = 7605710C157C15EF004CE04B /* b2TimeStep.h */; };
		7605716B157C15EF004CE04B /* b2World.cpp in Sources */ = {isa = PBXBuildFile; fileRef = 7605710D157C15EF004CE04B /* b2World.cpp */; };
		7605716C157C15EF004CE04B /* b2World.h in Headers */ = {isa = PBXBuildFile; fileRef = 7605710E157C15EF004CE04B /* b2World.h */; };
		7605716D157C15EF004CE04B /* b2WorldCallbacks.cpp in Sources */ = {isa = PBXBuildFile; fileRef = 7605710F157C15EF004CE04B /* b2WorldCallbacks.cpp */; };
		7605716E157C15EF004CE04B /* b2WorldCallbacks.h in Headers */ = {isa = PBXBuildFile; fileRef = 76057110157C15EF004CE04B /* b2WorldCallbacks.h */; };
		7605716F157C15EF004CE04B /* b2ChainAndCircleContact.cpp in Sources */ = {isa = PBXBuildFile; fileRef = 76057112157C15EF004CE04B /* b2ChainAndCircleContact.cpp */; };
		76057170157C15EF004CE04B /* b2ChainAndCircleContact.h in Headers */ = {isa = PBXBuildFile; fileRef = 76057113157C15EF004CE04B /* b2ChainAndCircleContact.h */; };
		76057171157C15EF004CE04B /* b2ChainAndPolygonContact.cpp in Sources */ = {isa = PBXBuildFile; fileRef = 76057114157C15EF004CE04B /* b2ChainAndPolygonContact.cpp */; };
		76057172157C15EF004CE04B /* b2ChainAndPolygonContact.h in Headers */ = {isa = PBXBuildFile; fileRef = 76057115157C15EF004CE04B /* b2ChainAndPolygonContact.h */; };
		76057173157C15EF004CE04B /* b2CircleContact.cpp in Sources */ = {isa = PBXBuildFile; fileRef = 76057116157C15EF004CE04B /* b2CircleContact.cpp */; };
		76057174157C15EF004CE04B /* b2CircleContact.h in Headers */ = {isa = PBXBuildFile; fileRef = 76057117157C15EF004CE04B /* b2CircleContact.h */; };
		76057175157C15EF004CE04B /* b2Contact.cpp in Sources */ = {isa = PBXBuildFile; fileRef = 76057118157C15EF004CE04B /* b2Contact.cpp */; };
		76057176157C15EF004CE04B /* b2Contact.h in Headers */ = {isa = PBXBuildFile; fileRef = 76057119157C15EF004CE04B /* b2Contact.h */; };
		76057177157C15EF004CE04B /* b2ContactSolver.cpp in Sources */ = {isa = PBXBuildFile; fileRef = 7605711A157C15EF004CE04B /* b2ContactSolver.cpp */; };
		76057178157C15EF004CE04B /* b2ContactSolver.h in Headers */ = {isa = PBXBuildFile; fileRef = 7605711B157C15EF004CE04B /* b2ContactSolver.h */; };
		76057179157C15EF004CE04B /* b2EdgeAndCircleContact.cpp in Sources */ = {isa = PBXBuildFile; fileRef = 7605711C157C15EF004CE04B /* b2EdgeAndCircleContact.cpp */; };
		7605717A157C15EF004CE04B /* b2EdgeAndCircleContact.h in Headers */ = {isa = PBXBuildFile; fileRef = 7605711D157C15EF004CE04B /* b2EdgeAndCircleContact.h */; };
		7605717B157C15EF004CE04B /* b2EdgeAndPolygonContact.cpp in Sources */ = {isa = PBXBuildFile; fileRef = 7605711E157C15EF004CE04B /* b2EdgeAndPolygonContact.cpp */; };
		7605717C157C15EF004CE04B /* b2EdgeAndPolygonContact.h in Headers */ = {isa = PBXBuildFile; fileRef = 7605711F157C15EF004CE04B /* b2EdgeAndPolygonContact.h */; };
		7605717D157C15EF004CE04B /* b2PolygonAndCircleContact.cpp in Sources */ = {isa = PBXBuildFile; fileRef = 76057120157C15EF004CE04B /* b2PolygonAndCircleContact.cpp */; };
		7605717E157C15EF004CE04B /* b2PolygonAndCircleContact.h in Headers */ = {isa = PBXBuildFile; fileRef = 76057121157C15EF004CE04B /* b2PolygonAndCircleContact.h */; };
		7605717F157C15EF004CE04B /* b2PolygonContact.cpp in Sources */ = {isa = PBXBuildFile; fileRef = 76057122157C15EF004CE04B /* b2PolygonContact.cpp */; };
		76057180157C15EF004CE04B /* b2PolygonContact.h in Headers */ = {isa = PBXBuildFile; fileRef = 76057123157C15EF004CE04B /* b2PolygonContact.h */; };
		76057181157C15EF004CE04B /* b2DistanceJoint.cpp in Sources */ = {isa = PBXBuildFile; fileRef = 76057125157C15EF004CE04B /* b2DistanceJoint.cpp */; };
		76057182157C15EF004CE04B /* b2DistanceJoint.h in Headers */ = {isa = PBXBuildFile; fileRef = 76057126157C15EF004CE04B /* b2DistanceJoint.h */; };
		76057183157C15EF004CE04B /* b2FrictionJoint.cpp in Sources */ = {isa = PBXBuildFile; fileRef = 76057127157C15EF004CE04B /* b2FrictionJoint.cpp */; };
		76057184157C15EF004CE04B /* b2FrictionJoint.h in Headers */ = {isa = PBXBuildFile; fileRef = 76057128157C15EF004CE04B /* b2FrictionJoint.h */; };
		76057185157C15EF004CE04B /* b2GearJoint.cpp in Sources */ = {isa = PBXBuildFile; fileRef = 76057129157C15EF004CE04B /* b2GearJoint.cpp */; };
		76057186157C15EF004CE04B /* b2GearJoint.h in Headers */ = {isa = PBXBuildFile; fileRef = 7605712A157C15EF004CE04B /* b2GearJoint.h */; };
		76057187157C15EF004CE04B /* b2Joint.cpp in Sources */ = {isa = PBXBuildFile; fileRef = 7605712B157C15EF004CE04B /* b2Joint.cpp */; };
		76057188157C15EF004CE04B /* b2Joint.h in Headers */ = {isa = PBXBuildFile; fileRef = 7605712C157C15EF004CE04B /* b2Joint.h */; };
		76057189157C15EF004CE04B /* b2MouseJoint.cpp in Sources */ = {isa = PBXBuildFile; fileRef = 7605712D157C15EF004CE04B /* b2MouseJoint.cpp */; };
		7605718A157C15EF004CE04B /* b2MouseJoint.h in Headers */ = {isa = PBXBuildFile; fileRef = 7605712E157C15EF004CE04B /* b2MouseJoint.h */; };
		7605718B157C15EF004CE04B /* b2PrismaticJoint.cpp in Sources */ = {isa = PBXBuildFile; fileRef = 7605712F157C15EF004CE04B /* b2PrismaticJoint.cpp */; };
		7605718C157C15EF004CE04B /* b2PrismaticJoint.h in Headers */ = {isa = PBXBuildFile; fileRef = 76057130157C15EF004CE04B /* b2PrismaticJoint.h */; };
		7605718D157C15EF004CE04B /* b2PulleyJoint.cpp in Sources */ = {isa = PBXBuildFile; fileRef = 76057131157C15EF004CE04B /* b2PulleyJoint.cpp */; };
		7605718E157C15EF004CE04B /* b2PulleyJoint.h in Headers */ = {isa = PBXBuildFile; fileRef = 76057132157C15EF004CE04B /* b2PulleyJoint.h */; };
		7605718F157C15EF004CE04B /* b2RevoluteJoint.cpp in Sources */ = {isa = PBXBuildFile; fileRef = 76057133157C15EF004CE04B /* b2RevoluteJoint.cpp */; };
		76057190157C15EF004CE04B /* b2RevoluteJoint.h in Headers */ = {isa = PBXBuildFile; fileRef = 76057134157C15EF004CE04B /* b2RevoluteJoint.h */; };
		76057191157C15EF004CE04B /* b2RopeJoint.cpp in Sources */ = {isa = PBXBuildFile; fileRef = 76057135157C15EF004CE04B /* b2RopeJoint.cpp */; };
		76057192157C15EF004CE04B /* b2RopeJoint.h in Headers */ = {isa = PBXBuildFile; fileRef = 76057136157C15EF004CE04B /* b2RopeJoint.h */; };
		76057193157C15EF004CE04B /* b2WeldJoint.cpp in Sources */ = {isa = PBXBuildFile; fileRef = 76057137157C15EF004CE04B /* b2WeldJoint.cpp */; };
		76057194157C15EF004CE04B /* b2WeldJoint.h in Headers */ = {isa = PBXBuildFile; fileRef = 76057138157C15EF004CE04B /* b2WeldJoint.h */; };
		76057195157C15EF004CE04B /* b2WheelJoint.cpp in Sources */ = {isa = PBXBuildFile; fileRef = 76057139157C15EF004CE04B /* b2WheelJoint.cpp */; };
		76057196157C15EF004CE04B /* b2WheelJoint.h in Headers */ = {isa = PBXBuildFile; fileRef = 7605713A157C15EF004CE04B /* b2WheelJoint.h */; };
		76057197157C15EF004CE04B /* b2Rope.cpp in Sources */ = {isa = PBXBuildFile; fileRef = 7605713C157C15EF004CE04B /* b2Rope.cpp */; };
		76057198157C15EF004CE04B /* b2Rope.h in Headers */ = {isa = PBXBuildFile; fileRef = 7605713D157C15EF004CE04B /* b2Rope.h */; };
		760571E1157C1713004CE04B /* com.badlogic.gdx.graphics.g2d.Gdx2DPixmap.cpp in Sources */ = {isa = PBXBuildFile; fileRef = 76057199157C1713004CE04B /* com.badlogic.gdx.graphics.g2d.Gdx2DPixmap.cpp */; };
		760571E2157C1713004CE04B /* com.badlogic.gdx.graphics.g2d.Gdx2DPixmap.h in Headers */ = {isa = PBXBuildFile; fileRef = 7605719A157C1713004CE04B /* com.badlogic.gdx.graphics.g2d.Gdx2DPixmap.h */; };
		760571E3157C1713004CE04B /* com.badlogic.gdx.graphics.g3d.loaders.md5.MD5Jni.cpp in Sources */ = {isa = PBXBuildFile; fileRef = 7605719B157C1713004CE04B /* com.badlogic.gdx.graphics.g3d.loaders.md5.MD5Jni.cpp */; };
		760571E4157C1713004CE04B /* com.badlogic.gdx.graphics.g3d.loaders.md5.MD5Jni.h in Headers */ = {isa = PBXBuildFile; fileRef = 7605719C157C1713004CE04B /* com.badlogic.gdx.graphics.g3d.loaders.md5.MD5Jni.h */; };
		760571E5157C1713004CE04B /* com.badlogic.gdx.graphics.glutils.ETC1.cpp in Sources */ = {isa = PBXBuildFile; fileRef = 7605719D157C1713004CE04B /* com.badlogic.gdx.graphics.glutils.ETC1.cpp */; };
		760571E6157C1713004CE04B /* com.badlogic.gdx.graphics.glutils.ETC1.h in Headers */ = {isa = PBXBuildFile; fileRef = 7605719E157C1713004CE04B /* com.badlogic.gdx.graphics.glutils.ETC1.h */; };
		760571E7157C1713004CE04B /* com.badlogic.gdx.math.Matrix4.cpp in Sources */ = {isa = PBXBuildFile; fileRef = 7605719F157C1713004CE04B /* com.badlogic.gdx.math.Matrix4.cpp */; };
		760571E8157C1713004CE04B /* com.badlogic.gdx.math.Matrix4.h in Headers */ = {isa = PBXBuildFile; fileRef = 760571A0157C1713004CE04B /* com.badlogic.gdx.math.Matrix4.h */; };
		760571E9157C1713004CE04B /* com.badlogic.gdx.physics.box2d.Body.cpp in Sources */ = {isa = PBXBuildFile; fileRef = 760571A1157C1713004CE04B /* com.badlogic.gdx.physics.box2d.Body.cpp */; };
		760571EA157C1713004CE04B /* com.badlogic.gdx.physics.box2d.Body.h in Headers */ = {isa = PBXBuildFile; fileRef = 760571A2157C1713004CE04B /* com.badlogic.gdx.physics.box2d.Body.h */; };
		760571EB157C1713004CE04B /* com.badlogic.gdx.physics.box2d.ChainShape.cpp in Sources */ = {isa = PBXBuildFile; fileRef = 760571A3157C1713004CE04B /* com.badlogic.gdx.physics.box2d.ChainShape.cpp */; };
		760571EC157C1713004CE04B /* com.badlogic.gdx.physics.box2d.ChainShape.h in Headers */ = {isa = PBXBuildFile; fileRef = 760571A4157C1713004CE04B /* com.badlogic.gdx.physics.box2d.ChainShape.h */; };
		760571ED157C1713004CE04B /* com.badlogic.gdx.physics.box2d.CircleShape.cpp in Sources */ = {isa = PBXBuildFile; fileRef = 760571A5157C1713004CE04B /* com.badlogic.gdx.physics.box2d.CircleShape.cpp */; };
		760571EE157C1713004CE04B /* com.badlogic.gdx.physics.box2d.CircleShape.h in Headers */ = {isa = PBXBuildFile; fileRef = 760571A6157C1713004CE04B /* com.badlogic.gdx.physics.box2d.CircleShape.h */; };
		760571EF157C1713004CE04B /* com.badlogic.gdx.physics.box2d.Contact.cpp in Sources */ = {isa = PBXBuildFile; fileRef = 760571A7157C1713004CE04B /* com.badlogic.gdx.physics.box2d.Contact.cpp */; };
		760571F0157C1713004CE04B /* com.badlogic.gdx.physics.box2d.Contact.h in Headers */ = {isa = PBXBuildFile; fileRef = 760571A8157C1713004CE04B /* com.badlogic.gdx.physics.box2d.Contact.h */; };
		760571F1157C1713004CE04B /* com.badlogic.gdx.physics.box2d.ContactImpulse.cpp in Sources */ = {isa = PBXBuildFile; fileRef = 760571A9157C1713004CE04B /* com.badlogic.gdx.physics.box2d.ContactImpulse.cpp */; };
		760571F2157C1713004CE04B /* com.badlogic.gdx.physics.box2d.ContactImpulse.h in Headers */ = {isa = PBXBuildFile; fileRef = 760571AA157C1713004CE04B /* com.badlogic.gdx.physics.box2d.ContactImpulse.h */; };
		760571F3157C1713004CE04B /* com.badlogic.gdx.physics.box2d.EdgeShape.cpp in Sources */ = {isa = PBXBuildFile; fileRef = 760571AB157C1713004CE04B /* com.badlogic.gdx.physics.box2d.EdgeShape.cpp */; };
		760571F4157C1713004CE04B /* com.badlogic.gdx.physics.box2d.EdgeShape.h in Headers */ = {isa = PBXBuildFile; fileRef = 760571AC157C1713004CE04B /* com.badlogic.gdx.physics.box2d.EdgeShape.h */; };
		760571F5157C1713004CE04B /* com.badlogic.gdx.physics.box2d.Fixture.cpp in Sources */ = {isa = PBXBuildFile; fileRef = 760571AD157C1713004CE04B /* com.badlogic.gdx.physics.box2d.Fixture.cpp */; };
		760571F6157C1713004CE04B /* com.badlogic.gdx.physics.box2d.Fixture.h in Headers */ = {isa = PBXBuildFile; fileRef = 760571AE157C1713004CE04B /* com.badlogic.gdx.physics.box2d.Fixture.h */; };
		760571F7157C1713004CE04B /* com.badlogic.gdx.physics.box2d.Joint.cpp in Sources */ = {isa = PBXBuildFile; fileRef = 760571AF157C1713004CE04B /* com.badlogic.gdx.physics.box2d.Joint.cpp */; };
		760571F8157C1713004CE04B /* com.badlogic.gdx.physics.box2d.Joint.h in Headers */ = {isa = PBXBuildFile; fileRef = 760571B0157C1713004CE04B /* com.badlogic.gdx.physics.box2d.Joint.h */; };
		760571F9157C1713004CE04B /* com.badlogic.gdx.physics.box2d.joints.DistanceJoint.cpp in Sources */ = {isa = PBXBuildFile; fileRef = 760571B1157C1713004CE04B /* com.badlogic.gdx.physics.box2d.joints.DistanceJoint.cpp */; };
		760571FA157C1713004CE04B /* com.badlogic.gdx.physics.box2d.joints.DistanceJoint.h in Headers */ = {isa = PBXBuildFile; fileRef = 760571B2157C1713004CE04B /* com.badlogic.gdx.physics.box2d.joints.DistanceJoint.h */; };
		760571FB157C1713004CE04B /* com.badlogic.gdx.physics.box2d.joints.FrictionJoint.cpp in Sources */ = {isa = PBXBuildFile; fileRef = 760571B3157C1713004CE04B /* com.badlogic.gdx.physics.box2d.joints.FrictionJoint.cpp */; };
		760571FC157C1713004CE04B /* com.badlogic.gdx.physics.box2d.joints.FrictionJoint.h in Headers */ = {isa = PBXBuildFile; fileRef = 760571B4157C1713004CE04B /* com.badlogic.gdx.physics.box2d.joints.FrictionJoint.h */; };
		760571FD157C1713004CE04B /* com.badlogic.gdx.physics.box2d.joints.GearJoint.cpp in Sources */ = {isa = PBXBuildFile; fileRef = 760571B5157C1713004CE04B /* com.badlogic.gdx.physics.box2d.joints.GearJoint.cpp */; };
		760571FE157C1713004CE04B /* com.badlogic.gdx.physics.box2d.joints.GearJoint.h in Headers */ = {isa = PBXBuildFile; fileRef = 760571B6157C1713004CE04B /* com.badlogic.gdx.physics.box2d.joints.GearJoint.h */; };
		760571FF157C1713004CE04B /* com.badlogic.gdx.physics.box2d.joints.MouseJoint.cpp in Sources */ = {isa = PBXBuildFile; fileRef = 760571B7157C1713004CE04B /* com.badlogic.gdx.physics.box2d.joints.MouseJoint.cpp */; };
		76057200157C1713004CE04B /* com.badlogic.gdx.physics.box2d.joints.MouseJoint.h in Headers */ = {isa = PBXBuildFile; fileRef = 760571B8157C1713004CE04B /* com.badlogic.gdx.physics.box2d.joints.MouseJoint.h */; };
		76057201157C1713004CE04B /* com.badlogic.gdx.physics.box2d.joints.PrismaticJoint.cpp in Sources */ = {isa = PBXBuildFile; fileRef = 760571B9157C1713004CE04B /* com.badlogic.gdx.physics.box2d.joints.PrismaticJoint.cpp */; };
		76057202157C1713004CE04B /* com.badlogic.gdx.physics.box2d.joints.PrismaticJoint.h in Headers */ = {isa = PBXBuildFile; fileRef = 760571BA157C1713004CE04B /* com.badlogic.gdx.physics.box2d.joints.PrismaticJoint.h */; };
		76057203157C1713004CE04B /* com.badlogic.gdx.physics.box2d.joints.PulleyJoint.cpp in Sources */ = {isa = PBXBuildFile; fileRef = 760571BB157C1713004CE04B /* com.badlogic.gdx.physics.box2d.joints.PulleyJoint.cpp */; };
		76057204157C1713004CE04B /* com.badlogic.gdx.physics.box2d.joints.PulleyJoint.h in Headers */ = {isa = PBXBuildFile; fileRef = 760571BC157C1713004CE04B /* com.badlogic.gdx.physics.box2d.joints.PulleyJoint.h */; };
		76057205157C1713004CE04B /* com.badlogic.gdx.physics.box2d.joints.RevoluteJoint.cpp in Sources */ = {isa = PBXBuildFile; fileRef = 760571BD157C1713004CE04B /* com.badlogic.gdx.physics.box2d.joints.RevoluteJoint.cpp */; };
		76057206157C1713004CE04B /* com.badlogic.gdx.physics.box2d.joints.RevoluteJoint.h in Headers */ = {isa = PBXBuildFile; fileRef = 760571BE157C1713004CE04B /* com.badlogic.gdx.physics.box2d.joints.RevoluteJoint.h */; };
		76057207157C1713004CE04B /* com.badlogic.gdx.physics.box2d.joints.RopeJoint.cpp in Sources */ = {isa = PBXBuildFile; fileRef = 760571BF157C1713004CE04B /* com.badlogic.gdx.physics.box2d.joints.RopeJoint.cpp */; };
		76057208157C1713004CE04B /* com.badlogic.gdx.physics.box2d.joints.RopeJoint.h in Headers */ = {isa = PBXBuildFile; fileRef = 760571C0157C1713004CE04B /* com.badlogic.gdx.physics.box2d.joints.RopeJoint.h */; };
		76057209157C1713004CE04B /* com.badlogic.gdx.physics.box2d.joints.WheelJoint.cpp in Sources */ = {isa = PBXBuildFile; fileRef = 760571C1157C1713004CE04B /* com.badlogic.gdx.physics.box2d.joints.WheelJoint.cpp */; };
		7605720A157C1713004CE04B /* com.badlogic.gdx.physics.box2d.joints.WheelJoint.h in Headers */ = {isa = PBXBuildFile; fileRef = 760571C2157C1713004CE04B /* com.badlogic.gdx.physics.box2d.joints.WheelJoint.h */; };
		7605720B157C1713004CE04B /* com.badlogic.gdx.physics.box2d.Manifold.cpp in Sources */ = {isa = PBXBuildFile; fileRef = 760571C3157C1713004CE04B /* com.badlogic.gdx.physics.box2d.Manifold.cpp */; };
		7605720C157C1713004CE04B /* com.badlogic.gdx.physics.box2d.Manifold.h in Headers */ = {isa = PBXBuildFile; fileRef = 760571C4157C1713004CE04B /* com.badlogic.gdx.physics.box2d.Manifold.h */; };
		7605720D157C1713004CE04B /* com.badlogic.gdx.physics.box2d.PolygonShape.cpp in Sources */ = {isa = PBXBuildFile; fileRef = 760571C5157C1713004CE04B /* com.badlogic.gdx.physics.box2d.PolygonShape.cpp */; };
		7605720E157C1713004CE04B /* com.badlogic.gdx.physics.box2d.PolygonShape.h in Headers */ = {isa = PBXBuildFile; fileRef = 760571C6157C1713004CE04B /* com.badlogic.gdx.physics.box2d.PolygonShape.h */; };
		7605720F157C1713004CE04B /* com.badlogic.gdx.physics.box2d.Shape.cpp in Sources */ = {isa = PBXBuildFile; fileRef = 760571C7157C1713004CE04B /* com.badlogic.gdx.physics.box2d.Shape.cpp */; };
		76057210157C1713004CE04B /* com.badlogic.gdx.physics.box2d.Shape.h in Headers */ = {isa = PBXBuildFile; fileRef = 760571C8157C1713004CE04B /* com.badlogic.gdx.physics.box2d.Shape.h */; };
		76057211157C1713004CE04B /* com.badlogic.gdx.physics.box2d.World.cpp in Sources */ = {isa = PBXBuildFile; fileRef = 760571C9157C1713004CE04B /* com.badlogic.gdx.physics.box2d.World.cpp */; };
		76057212157C1713004CE04B /* com.badlogic.gdx.physics.box2d.World.h in Headers */ = {isa = PBXBuildFile; fileRef = 760571CA157C1713004CE04B /* com.badlogic.gdx.physics.box2d.World.h */; };
		76057213157C1713004CE04B /* com.badlogic.gdx.utils.BufferUtils.cpp in Sources */ = {isa = PBXBuildFile; fileRef = 760571CB157C1713004CE04B /* com.badlogic.gdx.utils.BufferUtils.cpp */; };
		76057214157C1713004CE04B /* com.badlogic.gdx.utils.BufferUtils.h in Headers */ = {isa = PBXBuildFile; fileRef = 760571CC157C1713004CE04B /* com.badlogic.gdx.utils.BufferUtils.h */; };
		76057215157C1713004CE04B /* etc1_utils.cpp in Sources */ = {isa = PBXBuildFile; fileRef = 760571CE157C1713004CE04B /* etc1_utils.cpp */; };
		76057216157C1713004CE04B /* etc1_utils.h in Headers */ = {isa = PBXBuildFile; fileRef = 760571CF157C1713004CE04B /* etc1_utils.h */; };
		76057217157C1713004CE04B /* gdx2d.c in Sources */ = {isa = PBXBuildFile; fileRef = 760571D1157C1713004CE04B /* gdx2d.c */; };
		76057218157C1713004CE04B /* gdx2d.h in Headers */ = {isa = PBXBuildFile; fileRef = 760571D2157C1713004CE04B /* gdx2d.h */; };
		76057219157C1713004CE04B /* stb_image.c in Sources */ = {isa = PBXBuildFile; fileRef = 760571D3157C1713004CE04B /* stb_image.c */; };
		7605721A157C1713004CE04B /* classfile_constants.h in Headers */ = {isa = PBXBuildFile; fileRef = 760571D5157C1713004CE04B /* classfile_constants.h */; };
		7605721B157C1713004CE04B /* jawt.h in Headers */ = {isa = PBXBuildFile; fileRef = 760571D6157C1713004CE04B /* jawt.h */; };
		7605721C157C1713004CE04B /* jdwpTransport.h in Headers */ = {isa = PBXBuildFile; fileRef = 760571D7157C1713004CE04B /* jdwpTransport.h */; };
		7605721D157C1713004CE04B /* jni.h in Headers */ = {isa = PBXBuildFile; fileRef = 760571D8157C1713004CE04B /* jni.h */; };
		7605721E157C1713004CE04B /* jawt_md.h in Headers */ = {isa = PBXBuildFile; fileRef = 760571DA157C1713004CE04B /* jawt_md.h */; };
		7605721F157C1713004CE04B /* jni_md.h in Headers */ = {isa = PBXBuildFile; fileRef = 760571DB157C1713004CE04B /* jni_md.h */; };
		76057220157C1713004CE04B /* jni_md.h in Headers */ = {isa = PBXBuildFile; fileRef = 760571DD157C1713004CE04B /* jni_md.h */; };
		76057221157C1713004CE04B /* jawt_md.h in Headers */ = {isa = PBXBuildFile; fileRef = 760571DF157C1713004CE04B /* jawt_md.h */; };
		76057222157C1713004CE04B /* jni_md.h in Headers */ = {isa = PBXBuildFile; fileRef = 760571E0157C1713004CE04B /* jni_md.h */; };
		7657C33E1582B4FF0067030A /* iosgles20.cpp in Sources */ = {isa = PBXBuildFile; fileRef = 7657C33C1582B4FF0067030A /* iosgles20.cpp */; };
		7657C33F1582B4FF0067030A /* iosgles20.h in Headers */ = {isa = PBXBuildFile; fileRef = 7657C33D1582B4FF0067030A /* iosgles20.h */; };
/* End PBXBuildFile section */

/* Begin PBXFileReference section */
		76056F75157C140D004CE04B /* libnatives.a */ = {isa = PBXFileReference; explicitFileType = archive.ar; includeInIndex = 0; path = libnatives.a; sourceTree = BUILT_PRODUCTS_DIR; };
		76056F78157C140D004CE04B /* Foundation.framework */ = {isa = PBXFileReference; lastKnownFileType = wrapper.framework; name = Foundation.framework; path = System/Library/Frameworks/Foundation.framework; sourceTree = SDKROOT; };
		760570DB157C15EF004CE04B /* Box2D.h */ = {isa = PBXFileReference; fileEncoding = 4; lastKnownFileType = sourcecode.c.h; path = Box2D.h; sourceTree = "<group>"; };
		760570DC157C15EF004CE04B /* CHANGES */ = {isa = PBXFileReference; fileEncoding = 4; lastKnownFileType = text; path = CHANGES; sourceTree = "<group>"; };
		760570DE157C15EF004CE04B /* b2BroadPhase.cpp */ = {isa = PBXFileReference; fileEncoding = 4; lastKnownFileType = sourcecode.cpp.cpp; path = b2BroadPhase.cpp; sourceTree = "<group>"; };
		760570DF157C15EF004CE04B /* b2BroadPhase.h */ = {isa = PBXFileReference; fileEncoding = 4; lastKnownFileType = sourcecode.c.h; path = b2BroadPhase.h; sourceTree = "<group>"; };
		760570E0157C15EF004CE04B /* b2CollideCircle.cpp */ = {isa = PBXFileReference; fileEncoding = 4; lastKnownFileType = sourcecode.cpp.cpp; path = b2CollideCircle.cpp; sourceTree = "<group>"; };
		760570E1157C15EF004CE04B /* b2CollideEdge.cpp */ = {isa = PBXFileReference; fileEncoding = 4; lastKnownFileType = sourcecode.cpp.cpp; path = b2CollideEdge.cpp; sourceTree = "<group>"; };
		760570E2157C15EF004CE04B /* b2CollidePolygon.cpp */ = {isa = PBXFileReference; fileEncoding = 4; lastKnownFileType = sourcecode.cpp.cpp; path = b2CollidePolygon.cpp; sourceTree = "<group>"; };
		760570E3157C15EF004CE04B /* b2Collision.cpp */ = {isa = PBXFileReference; fileEncoding = 4; lastKnownFileType = sourcecode.cpp.cpp; path = b2Collision.cpp; sourceTree = "<group>"; };
		760570E4157C15EF004CE04B /* b2Collision.h */ = {isa = PBXFileReference; fileEncoding = 4; lastKnownFileType = sourcecode.c.h; path = b2Collision.h; sourceTree = "<group>"; };
		760570E5157C15EF004CE04B /* b2Distance.cpp */ = {isa = PBXFileReference; fileEncoding = 4; lastKnownFileType = sourcecode.cpp.cpp; path = b2Distance.cpp; sourceTree = "<group>"; };
		760570E6157C15EF004CE04B /* b2Distance.h */ = {isa = PBXFileReference; fileEncoding = 4; lastKnownFileType = sourcecode.c.h; path = b2Distance.h; sourceTree = "<group>"; };
		760570E7157C15EF004CE04B /* b2DynamicTree.cpp */ = {isa = PBXFileReference; fileEncoding = 4; lastKnownFileType = sourcecode.cpp.cpp; path = b2DynamicTree.cpp; sourceTree = "<group>"; };
		760570E8157C15EF004CE04B /* b2DynamicTree.h */ = {isa = PBXFileReference; fileEncoding = 4; lastKnownFileType = sourcecode.c.h; path = b2DynamicTree.h; sourceTree = "<group>"; };
		760570E9157C15EF004CE04B /* b2TimeOfImpact.cpp */ = {isa = PBXFileReference; fileEncoding = 4; lastKnownFileType = sourcecode.cpp.cpp; path = b2TimeOfImpact.cpp; sourceTree = "<group>"; };
		760570EA157C15EF004CE04B /* b2TimeOfImpact.h */ = {isa = PBXFileReference; fileEncoding = 4; lastKnownFileType = sourcecode.c.h; path = b2TimeOfImpact.h; sourceTree = "<group>"; };
		760570EC157C15EF004CE04B /* b2ChainShape.cpp */ = {isa = PBXFileReference; fileEncoding = 4; lastKnownFileType = sourcecode.cpp.cpp; path = b2ChainShape.cpp; sourceTree = "<group>"; };
		760570ED157C15EF004CE04B /* b2ChainShape.h */ = {isa = PBXFileReference; fileEncoding = 4; lastKnownFileType = sourcecode.c.h; path = b2ChainShape.h; sourceTree = "<group>"; };
		760570EE157C15EF004CE04B /* b2CircleShape.cpp */ = {isa = PBXFileReference; fileEncoding = 4; lastKnownFileType = sourcecode.cpp.cpp; path = b2CircleShape.cpp; sourceTree = "<group>"; };
		760570EF157C15EF004CE04B /* b2CircleShape.h */ = {isa = PBXFileReference; fileEncoding = 4; lastKnownFileType = sourcecode.c.h; path = b2CircleShape.h; sourceTree = "<group>"; };
		760570F0157C15EF004CE04B /* b2EdgeShape.cpp */ = {isa = PBXFileReference; fileEncoding = 4; lastKnownFileType = sourcecode.cpp.cpp; path = b2EdgeShape.cpp; sourceTree = "<group>"; };
		760570F1157C15EF004CE04B /* b2EdgeShape.h */ = {isa = PBXFileReference; fileEncoding = 4; lastKnownFileType = sourcecode.c.h; path = b2EdgeShape.h; sourceTree = "<group>"; };
		760570F2157C15EF004CE04B /* b2PolygonShape.cpp */ = {isa = PBXFileReference; fileEncoding = 4; lastKnownFileType = sourcecode.cpp.cpp; path = b2PolygonShape.cpp; sourceTree = "<group>"; };
		760570F3157C15EF004CE04B /* b2PolygonShape.h */ = {isa = PBXFileReference; fileEncoding = 4; lastKnownFileType = sourcecode.c.h; path = b2PolygonShape.h; sourceTree = "<group>"; };
		760570F4157C15EF004CE04B /* b2Shape.h */ = {isa = PBXFileReference; fileEncoding = 4; lastKnownFileType = sourcecode.c.h; path = b2Shape.h; sourceTree = "<group>"; };
		760570F6157C15EF004CE04B /* b2BlockAllocator.cpp */ = {isa = PBXFileReference; fileEncoding = 4; lastKnownFileType = sourcecode.cpp.cpp; path = b2BlockAllocator.cpp; sourceTree = "<group>"; };
		760570F7157C15EF004CE04B /* b2BlockAllocator.h */ = {isa = PBXFileReference; fileEncoding = 4; lastKnownFileType = sourcecode.c.h; path = b2BlockAllocator.h; sourceTree = "<group>"; };
		760570F8157C15EF004CE04B /* b2Draw.cpp */ = {isa = PBXFileReference; fileEncoding = 4; lastKnownFileType = sourcecode.cpp.cpp; path = b2Draw.cpp; sourceTree = "<group>"; };
		760570F9157C15EF004CE04B /* b2Draw.h */ = {isa = PBXFileReference; fileEncoding = 4; lastKnownFileType = sourcecode.c.h; path = b2Draw.h; sourceTree = "<group>"; };
		760570FA157C15EF004CE04B /* b2GrowableStack.h */ = {isa = PBXFileReference; fileEncoding = 4; lastKnownFileType = sourcecode.c.h; path = b2GrowableStack.h; sourceTree = "<group>"; };
		760570FB157C15EF004CE04B /* b2Math.cpp */ = {isa = PBXFileReference; fileEncoding = 4; lastKnownFileType = sourcecode.cpp.cpp; path = b2Math.cpp; sourceTree = "<group>"; };
		760570FC157C15EF004CE04B /* b2Math.h */ = {isa = PBXFileReference; fileEncoding = 4; lastKnownFileType = sourcecode.c.h; path = b2Math.h; sourceTree = "<group>"; };
		760570FD157C15EF004CE04B /* b2Settings.cpp */ = {isa = PBXFileReference; fileEncoding = 4; lastKnownFileType = sourcecode.cpp.cpp; path = b2Settings.cpp; sourceTree = "<group>"; };
		760570FE157C15EF004CE04B /* b2Settings.h */ = {isa = PBXFileReference; fileEncoding = 4; lastKnownFileType = sourcecode.c.h; path = b2Settings.h; sourceTree = "<group>"; };
		760570FF157C15EF004CE04B /* b2StackAllocator.cpp */ = {isa = PBXFileReference; fileEncoding = 4; lastKnownFileType = sourcecode.cpp.cpp; path = b2StackAllocator.cpp; sourceTree = "<group>"; };
		76057100157C15EF004CE04B /* b2StackAllocator.h */ = {isa = PBXFileReference; fileEncoding = 4; lastKnownFileType = sourcecode.c.h; path = b2StackAllocator.h; sourceTree = "<group>"; };
		76057101157C15EF004CE04B /* b2Timer.cpp */ = {isa = PBXFileReference; fileEncoding = 4; lastKnownFileType = sourcecode.cpp.cpp; path = b2Timer.cpp; sourceTree = "<group>"; };
		76057102157C15EF004CE04B /* b2Timer.h */ = {isa = PBXFileReference; fileEncoding = 4; lastKnownFileType = sourcecode.c.h; path = b2Timer.h; sourceTree = "<group>"; };
		76057104157C15EF004CE04B /* b2Body.cpp */ = {isa = PBXFileReference; fileEncoding = 4; lastKnownFileType = sourcecode.cpp.cpp; path = b2Body.cpp; sourceTree = "<group>"; };
		76057105157C15EF004CE04B /* b2Body.h */ = {isa = PBXFileReference; fileEncoding = 4; lastKnownFileType = sourcecode.c.h; path = b2Body.h; sourceTree = "<group>"; };
		76057106157C15EF004CE04B /* b2ContactManager.cpp */ = {isa = PBXFileReference; fileEncoding = 4; lastKnownFileType = sourcecode.cpp.cpp; path = b2ContactManager.cpp; sourceTree = "<group>"; };
		76057107157C15EF004CE04B /* b2ContactManager.h */ = {isa = PBXFileReference; fileEncoding = 4; lastKnownFileType = sourcecode.c.h; path = b2ContactManager.h; sourceTree = "<group>"; };
		76057108157C15EF004CE04B /* b2Fixture.cpp */ = {isa = PBXFileReference; fileEncoding = 4; lastKnownFileType = sourcecode.cpp.cpp; path = b2Fixture.cpp; sourceTree = "<group>"; };
		76057109157C15EF004CE04B /* b2Fixture.h */ = {isa = PBXFileReference; fileEncoding = 4; lastKnownFileType = sourcecode.c.h; path = b2Fixture.h; sourceTree = "<group>"; };
		7605710A157C15EF004CE04B /* b2Island.cpp */ = {isa = PBXFileReference; fileEncoding = 4; lastKnownFileType = sourcecode.cpp.cpp; path = b2Island.cpp; sourceTree = "<group>"; };
		7605710B157C15EF004CE04B /* b2Island.h */ = {isa = PBXFileReference; fileEncoding = 4; lastKnownFileType = sourcecode.c.h; path = b2Island.h; sourceTree = "<group>"; };
		7605710C157C15EF004CE04B /* b2TimeStep.h */ = {isa = PBXFileReference; fileEncoding = 4; lastKnownFileType = sourcecode.c.h; path = b2TimeStep.h; sourceTree = "<group>"; };
		7605710D157C15EF004CE04B /* b2World.cpp */ = {isa = PBXFileReference; fileEncoding = 4; lastKnownFileType = sourcecode.cpp.cpp; path = b2World.cpp; sourceTree = "<group>"; };
		7605710E157C15EF004CE04B /* b2World.h */ = {isa = PBXFileReference; fileEncoding = 4; lastKnownFileType = sourcecode.c.h; path = b2World.h; sourceTree = "<group>"; };
		7605710F157C15EF004CE04B /* b2WorldCallbacks.cpp */ = {isa = PBXFileReference; fileEncoding = 4; lastKnownFileType = sourcecode.cpp.cpp; path = b2WorldCallbacks.cpp; sourceTree = "<group>"; };
		76057110157C15EF004CE04B /* b2WorldCallbacks.h */ = {isa = PBXFileReference; fileEncoding = 4; lastKnownFileType = sourcecode.c.h; path = b2WorldCallbacks.h; sourceTree = "<group>"; };
		76057112157C15EF004CE04B /* b2ChainAndCircleContact.cpp */ = {isa = PBXFileReference; fileEncoding = 4; lastKnownFileType = sourcecode.cpp.cpp; path = b2ChainAndCircleContact.cpp; sourceTree = "<group>"; };
		76057113157C15EF004CE04B /* b2ChainAndCircleContact.h */ = {isa = PBXFileReference; fileEncoding = 4; lastKnownFileType = sourcecode.c.h; path = b2ChainAndCircleContact.h; sourceTree = "<group>"; };
		76057114157C15EF004CE04B /* b2ChainAndPolygonContact.cpp */ = {isa = PBXFileReference; fileEncoding = 4; lastKnownFileType = sourcecode.cpp.cpp; path = b2ChainAndPolygonContact.cpp; sourceTree = "<group>"; };
		76057115157C15EF004CE04B /* b2ChainAndPolygonContact.h */ = {isa = PBXFileReference; fileEncoding = 4; lastKnownFileType = sourcecode.c.h; path = b2ChainAndPolygonContact.h; sourceTree = "<group>"; };
		76057116157C15EF004CE04B /* b2CircleContact.cpp */ = {isa = PBXFileReference; fileEncoding = 4; lastKnownFileType = sourcecode.cpp.cpp; path = b2CircleContact.cpp; sourceTree = "<group>"; };
		76057117157C15EF004CE04B /* b2CircleContact.h */ = {isa = PBXFileReference; fileEncoding = 4; lastKnownFileType = sourcecode.c.h; path = b2CircleContact.h; sourceTree = "<group>"; };
		76057118157C15EF004CE04B /* b2Contact.cpp */ = {isa = PBXFileReference; fileEncoding = 4; lastKnownFileType = sourcecode.cpp.cpp; path = b2Contact.cpp; sourceTree = "<group>"; };
		76057119157C15EF004CE04B /* b2Contact.h */ = {isa = PBXFileReference; fileEncoding = 4; lastKnownFileType = sourcecode.c.h; path = b2Contact.h; sourceTree = "<group>"; };
		7605711A157C15EF004CE04B /* b2ContactSolver.cpp */ = {isa = PBXFileReference; fileEncoding = 4; lastKnownFileType = sourcecode.cpp.cpp; path = b2ContactSolver.cpp; sourceTree = "<group>"; };
		7605711B157C15EF004CE04B /* b2ContactSolver.h */ = {isa = PBXFileReference; fileEncoding = 4; lastKnownFileType = sourcecode.c.h; path = b2ContactSolver.h; sourceTree = "<group>"; };
		7605711C157C15EF004CE04B /* b2EdgeAndCircleContact.cpp */ = {isa = PBXFileReference; fileEncoding = 4; lastKnownFileType = sourcecode.cpp.cpp; path = b2EdgeAndCircleContact.cpp; sourceTree = "<group>"; };
		7605711D157C15EF004CE04B /* b2EdgeAndCircleContact.h */ = {isa = PBXFileReference; fileEncoding = 4; lastKnownFileType = sourcecode.c.h; path = b2EdgeAndCircleContact.h; sourceTree = "<group>"; };
		7605711E157C15EF004CE04B /* b2EdgeAndPolygonContact.cpp */ = {isa = PBXFileReference; fileEncoding = 4; lastKnownFileType = sourcecode.cpp.cpp; path = b2EdgeAndPolygonContact.cpp; sourceTree = "<group>"; };
		7605711F157C15EF004CE04B /* b2EdgeAndPolygonContact.h */ = {isa = PBXFileReference; fileEncoding = 4; lastKnownFileType = sourcecode.c.h; path = b2EdgeAndPolygonContact.h; sourceTree = "<group>"; };
		76057120157C15EF004CE04B /* b2PolygonAndCircleContact.cpp */ = {isa = PBXFileReference; fileEncoding = 4; lastKnownFileType = sourcecode.cpp.cpp; path = b2PolygonAndCircleContact.cpp; sourceTree = "<group>"; };
		76057121157C15EF004CE04B /* b2PolygonAndCircleContact.h */ = {isa = PBXFileReference; fileEncoding = 4; lastKnownFileType = sourcecode.c.h; path = b2PolygonAndCircleContact.h; sourceTree = "<group>"; };
		76057122157C15EF004CE04B /* b2PolygonContact.cpp */ = {isa = PBXFileReference; fileEncoding = 4; lastKnownFileType = sourcecode.cpp.cpp; path = b2PolygonContact.cpp; sourceTree = "<group>"; };
		76057123157C15EF004CE04B /* b2PolygonContact.h */ = {isa = PBXFileReference; fileEncoding = 4; lastKnownFileType = sourcecode.c.h; path = b2PolygonContact.h; sourceTree = "<group>"; };
		76057125157C15EF004CE04B /* b2DistanceJoint.cpp */ = {isa = PBXFileReference; fileEncoding = 4; lastKnownFileType = sourcecode.cpp.cpp; path = b2DistanceJoint.cpp; sourceTree = "<group>"; };
		76057126157C15EF004CE04B /* b2DistanceJoint.h */ = {isa = PBXFileReference; fileEncoding = 4; lastKnownFileType = sourcecode.c.h; path = b2DistanceJoint.h; sourceTree = "<group>"; };
		76057127157C15EF004CE04B /* b2FrictionJoint.cpp */ = {isa = PBXFileReference; fileEncoding = 4; lastKnownFileType = sourcecode.cpp.cpp; path = b2FrictionJoint.cpp; sourceTree = "<group>"; };
		76057128157C15EF004CE04B /* b2FrictionJoint.h */ = {isa = PBXFileReference; fileEncoding = 4; lastKnownFileType = sourcecode.c.h; path = b2FrictionJoint.h; sourceTree = "<group>"; };
		76057129157C15EF004CE04B /* b2GearJoint.cpp */ = {isa = PBXFileReference; fileEncoding = 4; lastKnownFileType = sourcecode.cpp.cpp; path = b2GearJoint.cpp; sourceTree = "<group>"; };
		7605712A157C15EF004CE04B /* b2GearJoint.h */ = {isa = PBXFileReference; fileEncoding = 4; lastKnownFileType = sourcecode.c.h; path = b2GearJoint.h; sourceTree = "<group>"; };
		7605712B157C15EF004CE04B /* b2Joint.cpp */ = {isa = PBXFileReference; fileEncoding = 4; lastKnownFileType = sourcecode.cpp.cpp; path = b2Joint.cpp; sourceTree = "<group>"; };
		7605712C157C15EF004CE04B /* b2Joint.h */ = {isa = PBXFileReference; fileEncoding = 4; lastKnownFileType = sourcecode.c.h; path = b2Joint.h; sourceTree = "<group>"; };
		7605712D157C15EF004CE04B /* b2MouseJoint.cpp */ = {isa = PBXFileReference; fileEncoding = 4; lastKnownFileType = sourcecode.cpp.cpp; path = b2MouseJoint.cpp; sourceTree = "<group>"; };
		7605712E157C15EF004CE04B /* b2MouseJoint.h */ = {isa = PBXFileReference; fileEncoding = 4; lastKnownFileType = sourcecode.c.h; path = b2MouseJoint.h; sourceTree = "<group>"; };
		7605712F157C15EF004CE04B /* b2PrismaticJoint.cpp */ = {isa = PBXFileReference; fileEncoding = 4; lastKnownFileType = sourcecode.cpp.cpp; path = b2PrismaticJoint.cpp; sourceTree = "<group>"; };
		76057130157C15EF004CE04B /* b2PrismaticJoint.h */ = {isa = PBXFileReference; fileEncoding = 4; lastKnownFileType = sourcecode.c.h; path = b2PrismaticJoint.h; sourceTree = "<group>"; };
		76057131157C15EF004CE04B /* b2PulleyJoint.cpp */ = {isa = PBXFileReference; fileEncoding = 4; lastKnownFileType = sourcecode.cpp.cpp; path = b2PulleyJoint.cpp; sourceTree = "<group>"; };
		76057132157C15EF004CE04B /* b2PulleyJoint.h */ = {isa = PBXFileReference; fileEncoding = 4; lastKnownFileType = sourcecode.c.h; path = b2PulleyJoint.h; sourceTree = "<group>"; };
		76057133157C15EF004CE04B /* b2RevoluteJoint.cpp */ = {isa = PBXFileReference; fileEncoding = 4; lastKnownFileType = sourcecode.cpp.cpp; path = b2RevoluteJoint.cpp; sourceTree = "<group>"; };
		76057134157C15EF004CE04B /* b2RevoluteJoint.h */ = {isa = PBXFileReference; fileEncoding = 4; lastKnownFileType = sourcecode.c.h; path = b2RevoluteJoint.h; sourceTree = "<group>"; };
		76057135157C15EF004CE04B /* b2RopeJoint.cpp */ = {isa = PBXFileReference; fileEncoding = 4; lastKnownFileType = sourcecode.cpp.cpp; path = b2RopeJoint.cpp; sourceTree = "<group>"; };
		76057136157C15EF004CE04B /* b2RopeJoint.h */ = {isa = PBXFileReference; fileEncoding = 4; lastKnownFileType = sourcecode.c.h; path = b2RopeJoint.h; sourceTree = "<group>"; };
		76057137157C15EF004CE04B /* b2WeldJoint.cpp */ = {isa = PBXFileReference; fileEncoding = 4; lastKnownFileType = sourcecode.cpp.cpp; path = b2WeldJoint.cpp; sourceTree = "<group>"; };
		76057138157C15EF004CE04B /* b2WeldJoint.h */ = {isa = PBXFileReference; fileEncoding = 4; lastKnownFileType = sourcecode.c.h; path = b2WeldJoint.h; sourceTree = "<group>"; };
		76057139157C15EF004CE04B /* b2WheelJoint.cpp */ = {isa = PBXFileReference; fileEncoding = 4; lastKnownFileType = sourcecode.cpp.cpp; path = b2WheelJoint.cpp; sourceTree = "<group>"; };
		7605713A157C15EF004CE04B /* b2WheelJoint.h */ = {isa = PBXFileReference; fileEncoding = 4; lastKnownFileType = sourcecode.c.h; path = b2WheelJoint.h; sourceTree = "<group>"; };
		7605713C157C15EF004CE04B /* b2Rope.cpp */ = {isa = PBXFileReference; fileEncoding = 4; lastKnownFileType = sourcecode.cpp.cpp; path = b2Rope.cpp; sourceTree = "<group>"; };
		7605713D157C15EF004CE04B /* b2Rope.h */ = {isa = PBXFileReference; fileEncoding = 4; lastKnownFileType = sourcecode.c.h; path = b2Rope.h; sourceTree = "<group>"; };
		76057199157C1713004CE04B /* com.badlogic.gdx.graphics.g2d.Gdx2DPixmap.cpp */ = {isa = PBXFileReference; fileEncoding = 4; lastKnownFileType = sourcecode.cpp.cpp; name = com.badlogic.gdx.graphics.g2d.Gdx2DPixmap.cpp; path = ../../../gdx/jni/com.badlogic.gdx.graphics.g2d.Gdx2DPixmap.cpp; sourceTree = "<group>"; };
		7605719A157C1713004CE04B /* com.badlogic.gdx.graphics.g2d.Gdx2DPixmap.h */ = {isa = PBXFileReference; fileEncoding = 4; lastKnownFileType = sourcecode.c.h; name = com.badlogic.gdx.graphics.g2d.Gdx2DPixmap.h; path = ../../../gdx/jni/com.badlogic.gdx.graphics.g2d.Gdx2DPixmap.h; sourceTree = "<group>"; };
		7605719B157C1713004CE04B /* com.badlogic.gdx.graphics.g3d.loaders.md5.MD5Jni.cpp */ = {isa = PBXFileReference; fileEncoding = 4; lastKnownFileType = sourcecode.cpp.cpp; name = com.badlogic.gdx.graphics.g3d.loaders.md5.MD5Jni.cpp; path = ../../../gdx/jni/com.badlogic.gdx.graphics.g3d.loaders.md5.MD5Jni.cpp; sourceTree = "<group>"; };
		7605719C157C1713004CE04B /* com.badlogic.gdx.graphics.g3d.loaders.md5.MD5Jni.h */ = {isa = PBXFileReference; fileEncoding = 4; lastKnownFileType = sourcecode.c.h; name = com.badlogic.gdx.graphics.g3d.loaders.md5.MD5Jni.h; path = ../../../gdx/jni/com.badlogic.gdx.graphics.g3d.loaders.md5.MD5Jni.h; sourceTree = "<group>"; };
		7605719D157C1713004CE04B /* com.badlogic.gdx.graphics.glutils.ETC1.cpp */ = {isa = PBXFileReference; fileEncoding = 4; lastKnownFileType = sourcecode.cpp.cpp; name = com.badlogic.gdx.graphics.glutils.ETC1.cpp; path = ../../../gdx/jni/com.badlogic.gdx.graphics.glutils.ETC1.cpp; sourceTree = "<group>"; };
		7605719E157C1713004CE04B /* com.badlogic.gdx.graphics.glutils.ETC1.h */ = {isa = PBXFileReference; fileEncoding = 4; lastKnownFileType = sourcecode.c.h; name = com.badlogic.gdx.graphics.glutils.ETC1.h; path = ../../../gdx/jni/com.badlogic.gdx.graphics.glutils.ETC1.h; sourceTree = "<group>"; };
		7605719F157C1713004CE04B /* com.badlogic.gdx.math.Matrix4.cpp */ = {isa = PBXFileReference; fileEncoding = 4; lastKnownFileType = sourcecode.cpp.cpp; name = com.badlogic.gdx.math.Matrix4.cpp; path = ../../../gdx/jni/com.badlogic.gdx.math.Matrix4.cpp; sourceTree = "<group>"; };
		760571A0157C1713004CE04B /* com.badlogic.gdx.math.Matrix4.h */ = {isa = PBXFileReference; fileEncoding = 4; lastKnownFileType = sourcecode.c.h; name = com.badlogic.gdx.math.Matrix4.h; path = ../../../gdx/jni/com.badlogic.gdx.math.Matrix4.h; sourceTree = "<group>"; };
		760571A1157C1713004CE04B /* com.badlogic.gdx.physics.box2d.Body.cpp */ = {isa = PBXFileReference; fileEncoding = 4; lastKnownFileType = sourcecode.cpp.cpp; name = com.badlogic.gdx.physics.box2d.Body.cpp; path = ../../../gdx/jni/com.badlogic.gdx.physics.box2d.Body.cpp; sourceTree = "<group>"; };
		760571A2157C1713004CE04B /* com.badlogic.gdx.physics.box2d.Body.h */ = {isa = PBXFileReference; fileEncoding = 4; lastKnownFileType = sourcecode.c.h; name = com.badlogic.gdx.physics.box2d.Body.h; path = ../../../gdx/jni/com.badlogic.gdx.physics.box2d.Body.h; sourceTree = "<group>"; };
		760571A3157C1713004CE04B /* com.badlogic.gdx.physics.box2d.ChainShape.cpp */ = {isa = PBXFileReference; fileEncoding = 4; lastKnownFileType = sourcecode.cpp.cpp; name = com.badlogic.gdx.physics.box2d.ChainShape.cpp; path = ../../../gdx/jni/com.badlogic.gdx.physics.box2d.ChainShape.cpp; sourceTree = "<group>"; };
		760571A4157C1713004CE04B /* com.badlogic.gdx.physics.box2d.ChainShape.h */ = {isa = PBXFileReference; fileEncoding = 4; lastKnownFileType = sourcecode.c.h; name = com.badlogic.gdx.physics.box2d.ChainShape.h; path = ../../../gdx/jni/com.badlogic.gdx.physics.box2d.ChainShape.h; sourceTree = "<group>"; };
		760571A5157C1713004CE04B /* com.badlogic.gdx.physics.box2d.CircleShape.cpp */ = {isa = PBXFileReference; fileEncoding = 4; lastKnownFileType = sourcecode.cpp.cpp; name = com.badlogic.gdx.physics.box2d.CircleShape.cpp; path = ../../../gdx/jni/com.badlogic.gdx.physics.box2d.CircleShape.cpp; sourceTree = "<group>"; };
		760571A6157C1713004CE04B /* com.badlogic.gdx.physics.box2d.CircleShape.h */ = {isa = PBXFileReference; fileEncoding = 4; lastKnownFileType = sourcecode.c.h; name = com.badlogic.gdx.physics.box2d.CircleShape.h; path = ../../../gdx/jni/com.badlogic.gdx.physics.box2d.CircleShape.h; sourceTree = "<group>"; };
		760571A7157C1713004CE04B /* com.badlogic.gdx.physics.box2d.Contact.cpp */ = {isa = PBXFileReference; fileEncoding = 4; lastKnownFileType = sourcecode.cpp.cpp; name = com.badlogic.gdx.physics.box2d.Contact.cpp; path = ../../../gdx/jni/com.badlogic.gdx.physics.box2d.Contact.cpp; sourceTree = "<group>"; };
		760571A8157C1713004CE04B /* com.badlogic.gdx.physics.box2d.Contact.h */ = {isa = PBXFileReference; fileEncoding = 4; lastKnownFileType = sourcecode.c.h; name = com.badlogic.gdx.physics.box2d.Contact.h; path = ../../../gdx/jni/com.badlogic.gdx.physics.box2d.Contact.h; sourceTree = "<group>"; };
		760571A9157C1713004CE04B /* com.badlogic.gdx.physics.box2d.ContactImpulse.cpp */ = {isa = PBXFileReference; fileEncoding = 4; lastKnownFileType = sourcecode.cpp.cpp; name = com.badlogic.gdx.physics.box2d.ContactImpulse.cpp; path = ../../../gdx/jni/com.badlogic.gdx.physics.box2d.ContactImpulse.cpp; sourceTree = "<group>"; };
		760571AA157C1713004CE04B /* com.badlogic.gdx.physics.box2d.ContactImpulse.h */ = {isa = PBXFileReference; fileEncoding = 4; lastKnownFileType = sourcecode.c.h; name = com.badlogic.gdx.physics.box2d.ContactImpulse.h; path = ../../../gdx/jni/com.badlogic.gdx.physics.box2d.ContactImpulse.h; sourceTree = "<group>"; };
		760571AB157C1713004CE04B /* com.badlogic.gdx.physics.box2d.EdgeShape.cpp */ = {isa = PBXFileReference; fileEncoding = 4; lastKnownFileType = sourcecode.cpp.cpp; name = com.badlogic.gdx.physics.box2d.EdgeShape.cpp; path = ../../../gdx/jni/com.badlogic.gdx.physics.box2d.EdgeShape.cpp; sourceTree = "<group>"; };
		760571AC157C1713004CE04B /* com.badlogic.gdx.physics.box2d.EdgeShape.h */ = {isa = PBXFileReference; fileEncoding = 4; lastKnownFileType = sourcecode.c.h; name = com.badlogic.gdx.physics.box2d.EdgeShape.h; path = ../../../gdx/jni/com.badlogic.gdx.physics.box2d.EdgeShape.h; sourceTree = "<group>"; };
		760571AD157C1713004CE04B /* com.badlogic.gdx.physics.box2d.Fixture.cpp */ = {isa = PBXFileReference; fileEncoding = 4; lastKnownFileType = sourcecode.cpp.cpp; name = com.badlogic.gdx.physics.box2d.Fixture.cpp; path = ../../../gdx/jni/com.badlogic.gdx.physics.box2d.Fixture.cpp; sourceTree = "<group>"; };
		760571AE157C1713004CE04B /* com.badlogic.gdx.physics.box2d.Fixture.h */ = {isa = PBXFileReference; fileEncoding = 4; lastKnownFileType = sourcecode.c.h; name = com.badlogic.gdx.physics.box2d.Fixture.h; path = ../../../gdx/jni/com.badlogic.gdx.physics.box2d.Fixture.h; sourceTree = "<group>"; };
		760571AF157C1713004CE04B /* com.badlogic.gdx.physics.box2d.Joint.cpp */ = {isa = PBXFileReference; fileEncoding = 4; lastKnownFileType = sourcecode.cpp.cpp; name = com.badlogic.gdx.physics.box2d.Joint.cpp; path = ../../../gdx/jni/com.badlogic.gdx.physics.box2d.Joint.cpp; sourceTree = "<group>"; };
		760571B0157C1713004CE04B /* com.badlogic.gdx.physics.box2d.Joint.h */ = {isa = PBXFileReference; fileEncoding = 4; lastKnownFileType = sourcecode.c.h; name = com.badlogic.gdx.physics.box2d.Joint.h; path = ../../../gdx/jni/com.badlogic.gdx.physics.box2d.Joint.h; sourceTree = "<group>"; };
		760571B1157C1713004CE04B /* com.badlogic.gdx.physics.box2d.joints.DistanceJoint.cpp */ = {isa = PBXFileReference; fileEncoding = 4; lastKnownFileType = sourcecode.cpp.cpp; name = com.badlogic.gdx.physics.box2d.joints.DistanceJoint.cpp; path = ../../../gdx/jni/com.badlogic.gdx.physics.box2d.joints.DistanceJoint.cpp; sourceTree = "<group>"; };
		760571B2157C1713004CE04B /* com.badlogic.gdx.physics.box2d.joints.DistanceJoint.h */ = {isa = PBXFileReference; fileEncoding = 4; lastKnownFileType = sourcecode.c.h; name = com.badlogic.gdx.physics.box2d.joints.DistanceJoint.h; path = ../../../gdx/jni/com.badlogic.gdx.physics.box2d.joints.DistanceJoint.h; sourceTree = "<group>"; };
		760571B3157C1713004CE04B /* com.badlogic.gdx.physics.box2d.joints.FrictionJoint.cpp */ = {isa = PBXFileReference; fileEncoding = 4; lastKnownFileType = sourcecode.cpp.cpp; name = com.badlogic.gdx.physics.box2d.joints.FrictionJoint.cpp; path = ../../../gdx/jni/com.badlogic.gdx.physics.box2d.joints.FrictionJoint.cpp; sourceTree = "<group>"; };
		760571B4157C1713004CE04B /* com.badlogic.gdx.physics.box2d.joints.FrictionJoint.h */ = {isa = PBXFileReference; fileEncoding = 4; lastKnownFileType = sourcecode.c.h; name = com.badlogic.gdx.physics.box2d.joints.FrictionJoint.h; path = ../../../gdx/jni/com.badlogic.gdx.physics.box2d.joints.FrictionJoint.h; sourceTree = "<group>"; };
		760571B5157C1713004CE04B /* com.badlogic.gdx.physics.box2d.joints.GearJoint.cpp */ = {isa = PBXFileReference; fileEncoding = 4; lastKnownFileType = sourcecode.cpp.cpp; name = com.badlogic.gdx.physics.box2d.joints.GearJoint.cpp; path = ../../../gdx/jni/com.badlogic.gdx.physics.box2d.joints.GearJoint.cpp; sourceTree = "<group>"; };
		760571B6157C1713004CE04B /* com.badlogic.gdx.physics.box2d.joints.GearJoint.h */ = {isa = PBXFileReference; fileEncoding = 4; lastKnownFileType = sourcecode.c.h; name = com.badlogic.gdx.physics.box2d.joints.GearJoint.h; path = ../../../gdx/jni/com.badlogic.gdx.physics.box2d.joints.GearJoint.h; sourceTree = "<group>"; };
		760571B7157C1713004CE04B /* com.badlogic.gdx.physics.box2d.joints.MouseJoint.cpp */ = {isa = PBXFileReference; fileEncoding = 4; lastKnownFileType = sourcecode.cpp.cpp; name = com.badlogic.gdx.physics.box2d.joints.MouseJoint.cpp; path = ../../../gdx/jni/com.badlogic.gdx.physics.box2d.joints.MouseJoint.cpp; sourceTree = "<group>"; };
		760571B8157C1713004CE04B /* com.badlogic.gdx.physics.box2d.joints.MouseJoint.h */ = {isa = PBXFileReference; fileEncoding = 4; lastKnownFileType = sourcecode.c.h; name = com.badlogic.gdx.physics.box2d.joints.MouseJoint.h; path = ../../../gdx/jni/com.badlogic.gdx.physics.box2d.joints.MouseJoint.h; sourceTree = "<group>"; };
		760571B9157C1713004CE04B /* com.badlogic.gdx.physics.box2d.joints.PrismaticJoint.cpp */ = {isa = PBXFileReference; fileEncoding = 4; lastKnownFileType = sourcecode.cpp.cpp; name = com.badlogic.gdx.physics.box2d.joints.PrismaticJoint.cpp; path = ../../../gdx/jni/com.badlogic.gdx.physics.box2d.joints.PrismaticJoint.cpp; sourceTree = "<group>"; };
		760571BA157C1713004CE04B /* com.badlogic.gdx.physics.box2d.joints.PrismaticJoint.h */ = {isa = PBXFileReference; fileEncoding = 4; lastKnownFileType = sourcecode.c.h; name = com.badlogic.gdx.physics.box2d.joints.PrismaticJoint.h; path = ../../../gdx/jni/com.badlogic.gdx.physics.box2d.joints.PrismaticJoint.h; sourceTree = "<group>"; };
		760571BB157C1713004CE04B /* com.badlogic.gdx.physics.box2d.joints.PulleyJoint.cpp */ = {isa = PBXFileReference; fileEncoding = 4; lastKnownFileType = sourcecode.cpp.cpp; name = com.badlogic.gdx.physics.box2d.joints.PulleyJoint.cpp; path = ../../../gdx/jni/com.badlogic.gdx.physics.box2d.joints.PulleyJoint.cpp; sourceTree = "<group>"; };
		760571BC157C1713004CE04B /* com.badlogic.gdx.physics.box2d.joints.PulleyJoint.h */ = {isa = PBXFileReference; fileEncoding = 4; lastKnownFileType = sourcecode.c.h; name = com.badlogic.gdx.physics.box2d.joints.PulleyJoint.h; path = ../../../gdx/jni/com.badlogic.gdx.physics.box2d.joints.PulleyJoint.h; sourceTree = "<group>"; };
		760571BD157C1713004CE04B /* com.badlogic.gdx.physics.box2d.joints.RevoluteJoint.cpp */ = {isa = PBXFileReference; fileEncoding = 4; lastKnownFileType = sourcecode.cpp.cpp; name = com.badlogic.gdx.physics.box2d.joints.RevoluteJoint.cpp; path = ../../../gdx/jni/com.badlogic.gdx.physics.box2d.joints.RevoluteJoint.cpp; sourceTree = "<group>"; };
		760571BE157C1713004CE04B /* com.badlogic.gdx.physics.box2d.joints.RevoluteJoint.h */ = {isa = PBXFileReference; fileEncoding = 4; lastKnownFileType = sourcecode.c.h; name = com.badlogic.gdx.physics.box2d.joints.RevoluteJoint.h; path = ../../../gdx/jni/com.badlogic.gdx.physics.box2d.joints.RevoluteJoint.h; sourceTree = "<group>"; };
		760571BF157C1713004CE04B /* com.badlogic.gdx.physics.box2d.joints.RopeJoint.cpp */ = {isa = PBXFileReference; fileEncoding = 4; lastKnownFileType = sourcecode.cpp.cpp; name = com.badlogic.gdx.physics.box2d.joints.RopeJoint.cpp; path = ../../../gdx/jni/com.badlogic.gdx.physics.box2d.joints.RopeJoint.cpp; sourceTree = "<group>"; };
		760571C0157C1713004CE04B /* com.badlogic.gdx.physics.box2d.joints.RopeJoint.h */ = {isa = PBXFileReference; fileEncoding = 4; lastKnownFileType = sourcecode.c.h; name = com.badlogic.gdx.physics.box2d.joints.RopeJoint.h; path = ../../../gdx/jni/com.badlogic.gdx.physics.box2d.joints.RopeJoint.h; sourceTree = "<group>"; };
		760571C1157C1713004CE04B /* com.badlogic.gdx.physics.box2d.joints.WheelJoint.cpp */ = {isa = PBXFileReference; fileEncoding = 4; lastKnownFileType = sourcecode.cpp.cpp; name = com.badlogic.gdx.physics.box2d.joints.WheelJoint.cpp; path = ../../../gdx/jni/com.badlogic.gdx.physics.box2d.joints.WheelJoint.cpp; sourceTree = "<group>"; };
		760571C2157C1713004CE04B /* com.badlogic.gdx.physics.box2d.joints.WheelJoint.h */ = {isa = PBXFileReference; fileEncoding = 4; lastKnownFileType = sourcecode.c.h; name = com.badlogic.gdx.physics.box2d.joints.WheelJoint.h; path = ../../../gdx/jni/com.badlogic.gdx.physics.box2d.joints.WheelJoint.h; sourceTree = "<group>"; };
		760571C3157C1713004CE04B /* com.badlogic.gdx.physics.box2d.Manifold.cpp */ = {isa = PBXFileReference; fileEncoding = 4; lastKnownFileType = sourcecode.cpp.cpp; name = com.badlogic.gdx.physics.box2d.Manifold.cpp; path = ../../../gdx/jni/com.badlogic.gdx.physics.box2d.Manifold.cpp; sourceTree = "<group>"; };
		760571C4157C1713004CE04B /* com.badlogic.gdx.physics.box2d.Manifold.h */ = {isa = PBXFileReference; fileEncoding = 4; lastKnownFileType = sourcecode.c.h; name = com.badlogic.gdx.physics.box2d.Manifold.h; path = ../../../gdx/jni/com.badlogic.gdx.physics.box2d.Manifold.h; sourceTree = "<group>"; };
		760571C5157C1713004CE04B /* com.badlogic.gdx.physics.box2d.PolygonShape.cpp */ = {isa = PBXFileReference; fileEncoding = 4; lastKnownFileType = sourcecode.cpp.cpp; name = com.badlogic.gdx.physics.box2d.PolygonShape.cpp; path = ../../../gdx/jni/com.badlogic.gdx.physics.box2d.PolygonShape.cpp; sourceTree = "<group>"; };
		760571C6157C1713004CE04B /* com.badlogic.gdx.physics.box2d.PolygonShape.h */ = {isa = PBXFileReference; fileEncoding = 4; lastKnownFileType = sourcecode.c.h; name = com.badlogic.gdx.physics.box2d.PolygonShape.h; path = ../../../gdx/jni/com.badlogic.gdx.physics.box2d.PolygonShape.h; sourceTree = "<group>"; };
		760571C7157C1713004CE04B /* com.badlogic.gdx.physics.box2d.Shape.cpp */ = {isa = PBXFileReference; fileEncoding = 4; lastKnownFileType = sourcecode.cpp.cpp; name = com.badlogic.gdx.physics.box2d.Shape.cpp; path = ../../../gdx/jni/com.badlogic.gdx.physics.box2d.Shape.cpp; sourceTree = "<group>"; };
		760571C8157C1713004CE04B /* com.badlogic.gdx.physics.box2d.Shape.h */ = {isa = PBXFileReference; fileEncoding = 4; lastKnownFileType = sourcecode.c.h; name = com.badlogic.gdx.physics.box2d.Shape.h; path = ../../../gdx/jni/com.badlogic.gdx.physics.box2d.Shape.h; sourceTree = "<group>"; };
		760571C9157C1713004CE04B /* com.badlogic.gdx.physics.box2d.World.cpp */ = {isa = PBXFileReference; fileEncoding = 4; lastKnownFileType = sourcecode.cpp.cpp; name = com.badlogic.gdx.physics.box2d.World.cpp; path = ../../../gdx/jni/com.badlogic.gdx.physics.box2d.World.cpp; sourceTree = "<group>"; };
		760571CA157C1713004CE04B /* com.badlogic.gdx.physics.box2d.World.h */ = {isa = PBXFileReference; fileEncoding = 4; lastKnownFileType = sourcecode.c.h; name = com.badlogic.gdx.physics.box2d.World.h; path = ../../../gdx/jni/com.badlogic.gdx.physics.box2d.World.h; sourceTree = "<group>"; };
		760571CB157C1713004CE04B /* com.badlogic.gdx.utils.BufferUtils.cpp */ = {isa = PBXFileReference; fileEncoding = 4; lastKnownFileType = sourcecode.cpp.cpp; name = com.badlogic.gdx.utils.BufferUtils.cpp; path = ../../../gdx/jni/com.badlogic.gdx.utils.BufferUtils.cpp; sourceTree = "<group>"; };
		760571CC157C1713004CE04B /* com.badlogic.gdx.utils.BufferUtils.h */ = {isa = PBXFileReference; fileEncoding = 4; lastKnownFileType = sourcecode.c.h; name = com.badlogic.gdx.utils.BufferUtils.h; path = ../../../gdx/jni/com.badlogic.gdx.utils.BufferUtils.h; sourceTree = "<group>"; };
		760571CE157C1713004CE04B /* etc1_utils.cpp */ = {isa = PBXFileReference; fileEncoding = 4; lastKnownFileType = sourcecode.cpp.cpp; path = etc1_utils.cpp; sourceTree = "<group>"; };
		760571CF157C1713004CE04B /* etc1_utils.h */ = {isa = PBXFileReference; fileEncoding = 4; lastKnownFileType = sourcecode.c.h; path = etc1_utils.h; sourceTree = "<group>"; };
		760571D1157C1713004CE04B /* gdx2d.c */ = {isa = PBXFileReference; fileEncoding = 4; lastKnownFileType = sourcecode.c.c; path = gdx2d.c; sourceTree = "<group>"; };
		760571D2157C1713004CE04B /* gdx2d.h */ = {isa = PBXFileReference; fileEncoding = 4; lastKnownFileType = sourcecode.c.h; path = gdx2d.h; sourceTree = "<group>"; };
		760571D3157C1713004CE04B /* stb_image.c */ = {isa = PBXFileReference; fileEncoding = 4; lastKnownFileType = sourcecode.c.c; path = stb_image.c; sourceTree = "<group>"; };
		760571D5157C1713004CE04B /* classfile_constants.h */ = {isa = PBXFileReference; fileEncoding = 4; lastKnownFileType = sourcecode.c.h; path = classfile_constants.h; sourceTree = "<group>"; };
		760571D6157C1713004CE04B /* jawt.h */ = {isa = PBXFileReference; fileEncoding = 4; lastKnownFileType = sourcecode.c.h; path = jawt.h; sourceTree = "<group>"; };
		760571D7157C1713004CE04B /* jdwpTransport.h */ = {isa = PBXFileReference; fileEncoding = 4; lastKnownFileType = sourcecode.c.h; path = jdwpTransport.h; sourceTree = "<group>"; };
		760571D8157C1713004CE04B /* jni.h */ = {isa = PBXFileReference; fileEncoding = 4; lastKnownFileType = sourcecode.c.h; path = jni.h; sourceTree = "<group>"; };
		760571DA157C1713004CE04B /* jawt_md.h */ = {isa = PBXFileReference; fileEncoding = 4; lastKnownFileType = sourcecode.c.h; path = jawt_md.h; sourceTree = "<group>"; };
		760571DB157C1713004CE04B /* jni_md.h */ = {isa = PBXFileReference; fileEncoding = 4; lastKnownFileType = sourcecode.c.h; path = jni_md.h; sourceTree = "<group>"; };
		760571DD157C1713004CE04B /* jni_md.h */ = {isa = PBXFileReference; fileEncoding = 4; lastKnownFileType = sourcecode.c.h; path = jni_md.h; sourceTree = "<group>"; };
		760571DF157C1713004CE04B /* jawt_md.h */ = {isa = PBXFileReference; fileEncoding = 4; lastKnownFileType = sourcecode.c.h; path = jawt_md.h; sourceTree = "<group>"; };
		760571E0157C1713004CE04B /* jni_md.h */ = {isa = PBXFileReference; fileEncoding = 4; lastKnownFileType = sourcecode.c.h; path = jni_md.h; sourceTree = "<group>"; };
		7657C33C1582B4FF0067030A /* iosgles20.cpp */ = {isa = PBXFileReference; fileEncoding = 4; lastKnownFileType = sourcecode.cpp.cpp; path = iosgles20.cpp; sourceTree = "<group>"; };
		7657C33D1582B4FF0067030A /* iosgles20.h */ = {isa = PBXFileReference; fileEncoding = 4; lastKnownFileType = sourcecode.c.h; path = iosgles20.h; sourceTree = "<group>"; };
/* End PBXFileReference section */

/* Begin PBXFrameworksBuildPhase section */
		76056F72157C140D004CE04B /* Frameworks */ = {
			isa = PBXFrameworksBuildPhase;
			buildActionMask = 2147483647;
			files = (
				76056F79157C140D004CE04B /* Foundation.framework in Frameworks */,
			);
			runOnlyForDeploymentPostprocessing = 0;
		};
/* End PBXFrameworksBuildPhase section */

/* Begin PBXGroup section */
		76056F6A157C140D004CE04B = {
			isa = PBXGroup;
			children = (
				7657C33C1582B4FF0067030A /* iosgles20.cpp */,
				7657C33D1582B4FF0067030A /* iosgles20.h */,
				76057199157C1713004CE04B /* com.badlogic.gdx.graphics.g2d.Gdx2DPixmap.cpp */,
				7605719A157C1713004CE04B /* com.badlogic.gdx.graphics.g2d.Gdx2DPixmap.h */,
				7605719B157C1713004CE04B /* com.badlogic.gdx.graphics.g3d.loaders.md5.MD5Jni.cpp */,
				7605719C157C1713004CE04B /* com.badlogic.gdx.graphics.g3d.loaders.md5.MD5Jni.h */,
				7605719D157C1713004CE04B /* com.badlogic.gdx.graphics.glutils.ETC1.cpp */,
				7605719E157C1713004CE04B /* com.badlogic.gdx.graphics.glutils.ETC1.h */,
				7605719F157C1713004CE04B /* com.badlogic.gdx.math.Matrix4.cpp */,
				760571A0157C1713004CE04B /* com.badlogic.gdx.math.Matrix4.h */,
				760571A1157C1713004CE04B /* com.badlogic.gdx.physics.box2d.Body.cpp */,
				760571A2157C1713004CE04B /* com.badlogic.gdx.physics.box2d.Body.h */,
				760571A3157C1713004CE04B /* com.badlogic.gdx.physics.box2d.ChainShape.cpp */,
				760571A4157C1713004CE04B /* com.badlogic.gdx.physics.box2d.ChainShape.h */,
				760571A5157C1713004CE04B /* com.badlogic.gdx.physics.box2d.CircleShape.cpp */,
				760571A6157C1713004CE04B /* com.badlogic.gdx.physics.box2d.CircleShape.h */,
				760571A7157C1713004CE04B /* com.badlogic.gdx.physics.box2d.Contact.cpp */,
				760571A8157C1713004CE04B /* com.badlogic.gdx.physics.box2d.Contact.h */,
				760571A9157C1713004CE04B /* com.badlogic.gdx.physics.box2d.ContactImpulse.cpp */,
				760571AA157C1713004CE04B /* com.badlogic.gdx.physics.box2d.ContactImpulse.h */,
				760571AB157C1713004CE04B /* com.badlogic.gdx.physics.box2d.EdgeShape.cpp */,
				760571AC157C1713004CE04B /* com.badlogic.gdx.physics.box2d.EdgeShape.h */,
				760571AD157C1713004CE04B /* com.badlogic.gdx.physics.box2d.Fixture.cpp */,
				760571AE157C1713004CE04B /* com.badlogic.gdx.physics.box2d.Fixture.h */,
				760571AF157C1713004CE04B /* com.badlogic.gdx.physics.box2d.Joint.cpp */,
				760571B0157C1713004CE04B /* com.badlogic.gdx.physics.box2d.Joint.h */,
				760571B1157C1713004CE04B /* com.badlogic.gdx.physics.box2d.joints.DistanceJoint.cpp */,
				760571B2157C1713004CE04B /* com.badlogic.gdx.physics.box2d.joints.DistanceJoint.h */,
				760571B3157C1713004CE04B /* com.badlogic.gdx.physics.box2d.joints.FrictionJoint.cpp */,
				760571B4157C1713004CE04B /* com.badlogic.gdx.physics.box2d.joints.FrictionJoint.h */,
				760571B5157C1713004CE04B /* com.badlogic.gdx.physics.box2d.joints.GearJoint.cpp */,
				760571B6157C1713004CE04B /* com.badlogic.gdx.physics.box2d.joints.GearJoint.h */,
				760571B7157C1713004CE04B /* com.badlogic.gdx.physics.box2d.joints.MouseJoint.cpp */,
				760571B8157C1713004CE04B /* com.badlogic.gdx.physics.box2d.joints.MouseJoint.h */,
				760571B9157C1713004CE04B /* com.badlogic.gdx.physics.box2d.joints.PrismaticJoint.cpp */,
				760571BA157C1713004CE04B /* com.badlogic.gdx.physics.box2d.joints.PrismaticJoint.h */,
				760571BB157C1713004CE04B /* com.badlogic.gdx.physics.box2d.joints.PulleyJoint.cpp */,
				760571BC157C1713004CE04B /* com.badlogic.gdx.physics.box2d.joints.PulleyJoint.h */,
				760571BD157C1713004CE04B /* com.badlogic.gdx.physics.box2d.joints.RevoluteJoint.cpp */,
				760571BE157C1713004CE04B /* com.badlogic.gdx.physics.box2d.joints.RevoluteJoint.h */,
				760571BF157C1713004CE04B /* com.badlogic.gdx.physics.box2d.joints.RopeJoint.cpp */,
				760571C0157C1713004CE04B /* com.badlogic.gdx.physics.box2d.joints.RopeJoint.h */,
				760571C1157C1713004CE04B /* com.badlogic.gdx.physics.box2d.joints.WheelJoint.cpp */,
				760571C2157C1713004CE04B /* com.badlogic.gdx.physics.box2d.joints.WheelJoint.h */,
				760571C3157C1713004CE04B /* com.badlogic.gdx.physics.box2d.Manifold.cpp */,
				760571C4157C1713004CE04B /* com.badlogic.gdx.physics.box2d.Manifold.h */,
				760571C5157C1713004CE04B /* com.badlogic.gdx.physics.box2d.PolygonShape.cpp */,
				760571C6157C1713004CE04B /* com.badlogic.gdx.physics.box2d.PolygonShape.h */,
				760571C7157C1713004CE04B /* com.badlogic.gdx.physics.box2d.Shape.cpp */,
				760571C8157C1713004CE04B /* com.badlogic.gdx.physics.box2d.Shape.h */,
				760571C9157C1713004CE04B /* com.badlogic.gdx.physics.box2d.World.cpp */,
				760571CA157C1713004CE04B /* com.badlogic.gdx.physics.box2d.World.h */,
				760571CB157C1713004CE04B /* com.badlogic.gdx.utils.BufferUtils.cpp */,
				760571CC157C1713004CE04B /* com.badlogic.gdx.utils.BufferUtils.h */,
				760571CD157C1713004CE04B /* etc1 */,
				760571D0157C1713004CE04B /* gdx2d */,
				760571D4157C1713004CE04B /* jni-headers */,
				760570DA157C15EF004CE04B /* Box2D */,
				76056F77157C140D004CE04B /* Frameworks */,
				76056F76157C140D004CE04B /* Products */,
			);
			sourceTree = "<group>";
		};
		76056F76157C140D004CE04B /* Products */ = {
			isa = PBXGroup;
			children = (
				76056F75157C140D004CE04B /* libnatives.a */,
			);
			name = Products;
			sourceTree = "<group>";
		};
		76056F77157C140D004CE04B /* Frameworks */ = {
			isa = PBXGroup;
			children = (
				76056F78157C140D004CE04B /* Foundation.framework */,
			);
			name = Frameworks;
			sourceTree = "<group>";
		};
		760570DA157C15EF004CE04B /* Box2D */ = {
			isa = PBXGroup;
			children = (
				760570DB157C15EF004CE04B /* Box2D.h */,
				760570DC157C15EF004CE04B /* CHANGES */,
				760570DD157C15EF004CE04B /* Collision */,
				760570F5157C15EF004CE04B /* Common */,
				76057103157C15EF004CE04B /* Dynamics */,
				7605713B157C15EF004CE04B /* Rope */,
			);
			name = Box2D;
			path = ../../../gdx/jni/Box2D;
			sourceTree = "<group>";
		};
		760570DD157C15EF004CE04B /* Collision */ = {
			isa = PBXGroup;
			children = (
				760570DE157C15EF004CE04B /* b2BroadPhase.cpp */,
				760570DF157C15EF004CE04B /* b2BroadPhase.h */,
				760570E0157C15EF004CE04B /* b2CollideCircle.cpp */,
				760570E1157C15EF004CE04B /* b2CollideEdge.cpp */,
				760570E2157C15EF004CE04B /* b2CollidePolygon.cpp */,
				760570E3157C15EF004CE04B /* b2Collision.cpp */,
				760570E4157C15EF004CE04B /* b2Collision.h */,
				760570E5157C15EF004CE04B /* b2Distance.cpp */,
				760570E6157C15EF004CE04B /* b2Distance.h */,
				760570E7157C15EF004CE04B /* b2DynamicTree.cpp */,
				760570E8157C15EF004CE04B /* b2DynamicTree.h */,
				760570E9157C15EF004CE04B /* b2TimeOfImpact.cpp */,
				760570EA157C15EF004CE04B /* b2TimeOfImpact.h */,
				760570EB157C15EF004CE04B /* Shapes */,
			);
			path = Collision;
			sourceTree = "<group>";
		};
		760570EB157C15EF004CE04B /* Shapes */ = {
			isa = PBXGroup;
			children = (
				760570EC157C15EF004CE04B /* b2ChainShape.cpp */,
				760570ED157C15EF004CE04B /* b2ChainShape.h */,
				760570EE157C15EF004CE04B /* b2CircleShape.cpp */,
				760570EF157C15EF004CE04B /* b2CircleShape.h */,
				760570F0157C15EF004CE04B /* b2EdgeShape.cpp */,
				760570F1157C15EF004CE04B /* b2EdgeShape.h */,
				760570F2157C15EF004CE04B /* b2PolygonShape.cpp */,
				760570F3157C15EF004CE04B /* b2PolygonShape.h */,
				760570F4157C15EF004CE04B /* b2Shape.h */,
			);
			path = Shapes;
			sourceTree = "<group>";
		};
		760570F5157C15EF004CE04B /* Common */ = {
			isa = PBXGroup;
			children = (
				760570F6157C15EF004CE04B /* b2BlockAllocator.cpp */,
				760570F7157C15EF004CE04B /* b2BlockAllocator.h */,
				760570F8157C15EF004CE04B /* b2Draw.cpp */,
				760570F9157C15EF004CE04B /* b2Draw.h */,
				760570FA157C15EF004CE04B /* b2GrowableStack.h */,
				760570FB157C15EF004CE04B /* b2Math.cpp */,
				760570FC157C15EF004CE04B /* b2Math.h */,
				760570FD157C15EF004CE04B /* b2Settings.cpp */,
				760570FE157C15EF004CE04B /* b2Settings.h */,
				760570FF157C15EF004CE04B /* b2StackAllocator.cpp */,
				76057100157C15EF004CE04B /* b2StackAllocator.h */,
				76057101157C15EF004CE04B /* b2Timer.cpp */,
				76057102157C15EF004CE04B /* b2Timer.h */,
			);
			path = Common;
			sourceTree = "<group>";
		};
		76057103157C15EF004CE04B /* Dynamics */ = {
			isa = PBXGroup;
			children = (
				76057104157C15EF004CE04B /* b2Body.cpp */,
				76057105157C15EF004CE04B /* b2Body.h */,
				76057106157C15EF004CE04B /* b2ContactManager.cpp */,
				76057107157C15EF004CE04B /* b2ContactManager.h */,
				76057108157C15EF004CE04B /* b2Fixture.cpp */,
				76057109157C15EF004CE04B /* b2Fixture.h */,
				7605710A157C15EF004CE04B /* b2Island.cpp */,
				7605710B157C15EF004CE04B /* b2Island.h */,
				7605710C157C15EF004CE04B /* b2TimeStep.h */,
				7605710D157C15EF004CE04B /* b2World.cpp */,
				7605710E157C15EF004CE04B /* b2World.h */,
				7605710F157C15EF004CE04B /* b2WorldCallbacks.cpp */,
				76057110157C15EF004CE04B /* b2WorldCallbacks.h */,
				76057111157C15EF004CE04B /* Contacts */,
				76057124157C15EF004CE04B /* Joints */,
			);
			path = Dynamics;
			sourceTree = "<group>";
		};
		76057111157C15EF004CE04B /* Contacts */ = {
			isa = PBXGroup;
			children = (
				76057112157C15EF004CE04B /* b2ChainAndCircleContact.cpp */,
				76057113157C15EF004CE04B /* b2ChainAndCircleContact.h */,
				76057114157C15EF004CE04B /* b2ChainAndPolygonContact.cpp */,
				76057115157C15EF004CE04B /* b2ChainAndPolygonContact.h */,
				76057116157C15EF004CE04B /* b2CircleContact.cpp */,
				76057117157C15EF004CE04B /* b2CircleContact.h */,
				76057118157C15EF004CE04B /* b2Contact.cpp */,
				76057119157C15EF004CE04B /* b2Contact.h */,
				7605711A157C15EF004CE04B /* b2ContactSolver.cpp */,
				7605711B157C15EF004CE04B /* b2ContactSolver.h */,
				7605711C157C15EF004CE04B /* b2EdgeAndCircleContact.cpp */,
				7605711D157C15EF004CE04B /* b2EdgeAndCircleContact.h */,
				7605711E157C15EF004CE04B /* b2EdgeAndPolygonContact.cpp */,
				7605711F157C15EF004CE04B /* b2EdgeAndPolygonContact.h */,
				76057120157C15EF004CE04B /* b2PolygonAndCircleContact.cpp */,
				76057121157C15EF004CE04B /* b2PolygonAndCircleContact.h */,
				76057122157C15EF004CE04B /* b2PolygonContact.cpp */,
				76057123157C15EF004CE04B /* b2PolygonContact.h */,
			);
			path = Contacts;
			sourceTree = "<group>";
		};
		76057124157C15EF004CE04B /* Joints */ = {
			isa = PBXGroup;
			children = (
				76057125157C15EF004CE04B /* b2DistanceJoint.cpp */,
				76057126157C15EF004CE04B /* b2DistanceJoint.h */,
				76057127157C15EF004CE04B /* b2FrictionJoint.cpp */,
				76057128157C15EF004CE04B /* b2FrictionJoint.h */,
				76057129157C15EF004CE04B /* b2GearJoint.cpp */,
				7605712A157C15EF004CE04B /* b2GearJoint.h */,
				7605712B157C15EF004CE04B /* b2Joint.cpp */,
				7605712C157C15EF004CE04B /* b2Joint.h */,
				7605712D157C15EF004CE04B /* b2MouseJoint.cpp */,
				7605712E157C15EF004CE04B /* b2MouseJoint.h */,
				7605712F157C15EF004CE04B /* b2PrismaticJoint.cpp */,
				76057130157C15EF004CE04B /* b2PrismaticJoint.h */,
				76057131157C15EF004CE04B /* b2PulleyJoint.cpp */,
				76057132157C15EF004CE04B /* b2PulleyJoint.h */,
				76057133157C15EF004CE04B /* b2RevoluteJoint.cpp */,
				76057134157C15EF004CE04B /* b2RevoluteJoint.h */,
				76057135157C15EF004CE04B /* b2RopeJoint.cpp */,
				76057136157C15EF004CE04B /* b2RopeJoint.h */,
				76057137157C15EF004CE04B /* b2WeldJoint.cpp */,
				76057138157C15EF004CE04B /* b2WeldJoint.h */,
				76057139157C15EF004CE04B /* b2WheelJoint.cpp */,
				7605713A157C15EF004CE04B /* b2WheelJoint.h */,
			);
			path = Joints;
			sourceTree = "<group>";
		};
		7605713B157C15EF004CE04B /* Rope */ = {
			isa = PBXGroup;
			children = (
				7605713C157C15EF004CE04B /* b2Rope.cpp */,
				7605713D157C15EF004CE04B /* b2Rope.h */,
			);
			path = Rope;
			sourceTree = "<group>";
		};
		760571CD157C1713004CE04B /* etc1 */ = {
			isa = PBXGroup;
			children = (
				760571CE157C1713004CE04B /* etc1_utils.cpp */,
				760571CF157C1713004CE04B /* etc1_utils.h */,
			);
			name = etc1;
			path = ../../../gdx/jni/etc1;
			sourceTree = "<group>";
		};
		760571D0157C1713004CE04B /* gdx2d */ = {
			isa = PBXGroup;
			children = (
				760571D1157C1713004CE04B /* gdx2d.c */,
				760571D2157C1713004CE04B /* gdx2d.h */,
				760571D3157C1713004CE04B /* stb_image.c */,
			);
			name = gdx2d;
			path = ../../../gdx/jni/gdx2d;
			sourceTree = "<group>";
		};
		760571D4157C1713004CE04B /* jni-headers */ = {
			isa = PBXGroup;
			children = (
				760571D5157C1713004CE04B /* classfile_constants.h */,
				760571D6157C1713004CE04B /* jawt.h */,
				760571D7157C1713004CE04B /* jdwpTransport.h */,
				760571D8157C1713004CE04B /* jni.h */,
				760571D9157C1713004CE04B /* linux */,
				760571DC157C1713004CE04B /* mac */,
				760571DE157C1713004CE04B /* win32 */,
			);
			name = "jni-headers";
			path = "../../../gdx/jni/jni-headers";
			sourceTree = "<group>";
		};
		760571D9157C1713004CE04B /* linux */ = {
			isa = PBXGroup;
			children = (
				760571DA157C1713004CE04B /* jawt_md.h */,
				760571DB157C1713004CE04B /* jni_md.h */,
			);
			path = linux;
			sourceTree = "<group>";
		};
		760571DC157C1713004CE04B /* mac */ = {
			isa = PBXGroup;
			children = (
				760571DD157C1713004CE04B /* jni_md.h */,
			);
			path = mac;
			sourceTree = "<group>";
		};
		760571DE157C1713004CE04B /* win32 */ = {
			isa = PBXGroup;
			children = (
				760571DF157C1713004CE04B /* jawt_md.h */,
				760571E0157C1713004CE04B /* jni_md.h */,
			);
			path = win32;
			sourceTree = "<group>";
		};
/* End PBXGroup section */

/* Begin PBXHeadersBuildPhase section */
		76056F73157C140D004CE04B /* Headers */ = {
			isa = PBXHeadersBuildPhase;
			buildActionMask = 2147483647;
			files = (
				7605713E157C15EF004CE04B /* Box2D.h in Headers */,
				76057140157C15EF004CE04B /* b2BroadPhase.h in Headers */,
				76057145157C15EF004CE04B /* b2Collision.h in Headers */,
				76057147157C15EF004CE04B /* b2Distance.h in Headers */,
				76057149157C15EF004CE04B /* b2DynamicTree.h in Headers */,
				7605714B157C15EF004CE04B /* b2TimeOfImpact.h in Headers */,
				7605714D157C15EF004CE04B /* b2ChainShape.h in Headers */,
				7605714F157C15EF004CE04B /* b2CircleShape.h in Headers */,
				76057151157C15EF004CE04B /* b2EdgeShape.h in Headers */,
				76057153157C15EF004CE04B /* b2PolygonShape.h in Headers */,
				76057154157C15EF004CE04B /* b2Shape.h in Headers */,
				76057156157C15EF004CE04B /* b2BlockAllocator.h in Headers */,
				76057158157C15EF004CE04B /* b2Draw.h in Headers */,
				76057159157C15EF004CE04B /* b2GrowableStack.h in Headers */,
				7605715B157C15EF004CE04B /* b2Math.h in Headers */,
				7605715D157C15EF004CE04B /* b2Settings.h in Headers */,
				7605715F157C15EF004CE04B /* b2StackAllocator.h in Headers */,
				76057161157C15EF004CE04B /* b2Timer.h in Headers */,
				76057163157C15EF004CE04B /* b2Body.h in Headers */,
				76057165157C15EF004CE04B /* b2ContactManager.h in Headers */,
				76057167157C15EF004CE04B /* b2Fixture.h in Headers */,
				76057169157C15EF004CE04B /* b2Island.h in Headers */,
				7605716A157C15EF004CE04B /* b2TimeStep.h in Headers */,
				7605716C157C15EF004CE04B /* b2World.h in Headers */,
				7605716E157C15EF004CE04B /* b2WorldCallbacks.h in Headers */,
				76057170157C15EF004CE04B /* b2ChainAndCircleContact.h in Headers */,
				76057172157C15EF004CE04B /* b2ChainAndPolygonContact.h in Headers */,
				76057174157C15EF004CE04B /* b2CircleContact.h in Headers */,
				76057176157C15EF004CE04B /* b2Contact.h in Headers */,
				76057178157C15EF004CE04B /* b2ContactSolver.h in Headers */,
				7605717A157C15EF004CE04B /* b2EdgeAndCircleContact.h in Headers */,
				7605717C157C15EF004CE04B /* b2EdgeAndPolygonContact.h in Headers */,
				7605717E157C15EF004CE04B /* b2PolygonAndCircleContact.h in Headers */,
				76057180157C15EF004CE04B /* b2PolygonContact.h in Headers */,
				76057182157C15EF004CE04B /* b2DistanceJoint.h in Headers */,
				76057184157C15EF004CE04B /* b2FrictionJoint.h in Headers */,
				76057186157C15EF004CE04B /* b2GearJoint.h in Headers */,
				76057188157C15EF004CE04B /* b2Joint.h in Headers */,
				7605718A157C15EF004CE04B /* b2MouseJoint.h in Headers */,
				7605718C157C15EF004CE04B /* b2PrismaticJoint.h in Headers */,
				7605718E157C15EF004CE04B /* b2PulleyJoint.h in Headers */,
				76057190157C15EF004CE04B /* b2RevoluteJoint.h in Headers */,
				76057192157C15EF004CE04B /* b2RopeJoint.h in Headers */,
				76057194157C15EF004CE04B /* b2WeldJoint.h in Headers */,
				76057196157C15EF004CE04B /* b2WheelJoint.h in Headers */,
				76057198157C15EF004CE04B /* b2Rope.h in Headers */,
				760571E2157C1713004CE04B /* com.badlogic.gdx.graphics.g2d.Gdx2DPixmap.h in Headers */,
				760571E4157C1713004CE04B /* com.badlogic.gdx.graphics.g3d.loaders.md5.MD5Jni.h in Headers */,
				760571E6157C1713004CE04B /* com.badlogic.gdx.graphics.glutils.ETC1.h in Headers */,
				760571E8157C1713004CE04B /* com.badlogic.gdx.math.Matrix4.h in Headers */,
				760571EA157C1713004CE04B /* com.badlogic.gdx.physics.box2d.Body.h in Headers */,
				760571EC157C1713004CE04B /* com.badlogic.gdx.physics.box2d.ChainShape.h in Headers */,
				760571EE157C1713004CE04B /* com.badlogic.gdx.physics.box2d.CircleShape.h in Headers */,
				760571F0157C1713004CE04B /* com.badlogic.gdx.physics.box2d.Contact.h in Headers */,
				760571F2157C1713004CE04B /* com.badlogic.gdx.physics.box2d.ContactImpulse.h in Headers */,
				760571F4157C1713004CE04B /* com.badlogic.gdx.physics.box2d.EdgeShape.h in Headers */,
				760571F6157C1713004CE04B /* com.badlogic.gdx.physics.box2d.Fixture.h in Headers */,
				760571F8157C1713004CE04B /* com.badlogic.gdx.physics.box2d.Joint.h in Headers */,
				760571FA157C1713004CE04B /* com.badlogic.gdx.physics.box2d.joints.DistanceJoint.h in Headers */,
				760571FC157C1713004CE04B /* com.badlogic.gdx.physics.box2d.joints.FrictionJoint.h in Headers */,
				760571FE157C1713004CE04B /* com.badlogic.gdx.physics.box2d.joints.GearJoint.h in Headers */,
				76057200157C1713004CE04B /* com.badlogic.gdx.physics.box2d.joints.MouseJoint.h in Headers */,
				76057202157C1713004CE04B /* com.badlogic.gdx.physics.box2d.joints.PrismaticJoint.h in Headers */,
				76057204157C1713004CE04B /* com.badlogic.gdx.physics.box2d.joints.PulleyJoint.h in Headers */,
				76057206157C1713004CE04B /* com.badlogic.gdx.physics.box2d.joints.RevoluteJoint.h in Headers */,
				76057208157C1713004CE04B /* com.badlogic.gdx.physics.box2d.joints.RopeJoint.h in Headers */,
				7605720A157C1713004CE04B /* com.badlogic.gdx.physics.box2d.joints.WheelJoint.h in Headers */,
				7605720C157C1713004CE04B /* com.badlogic.gdx.physics.box2d.Manifold.h in Headers */,
				7605720E157C1713004CE04B /* com.badlogic.gdx.physics.box2d.PolygonShape.h in Headers */,
				76057210157C1713004CE04B /* com.badlogic.gdx.physics.box2d.Shape.h in Headers */,
				76057212157C1713004CE04B /* com.badlogic.gdx.physics.box2d.World.h in Headers */,
				76057214157C1713004CE04B /* com.badlogic.gdx.utils.BufferUtils.h in Headers */,
				76057216157C1713004CE04B /* etc1_utils.h in Headers */,
				76057218157C1713004CE04B /* gdx2d.h in Headers */,
				7605721A157C1713004CE04B /* classfile_constants.h in Headers */,
				7605721B157C1713004CE04B /* jawt.h in Headers */,
				7605721C157C1713004CE04B /* jdwpTransport.h in Headers */,
				7605721D157C1713004CE04B /* jni.h in Headers */,
				7605721E157C1713004CE04B /* jawt_md.h in Headers */,
				7605721F157C1713004CE04B /* jni_md.h in Headers */,
				76057220157C1713004CE04B /* jni_md.h in Headers */,
				76057221157C1713004CE04B /* jawt_md.h in Headers */,
				76057222157C1713004CE04B /* jni_md.h in Headers */,
				7657C33F1582B4FF0067030A /* iosgles20.h in Headers */,
			);
			runOnlyForDeploymentPostprocessing = 0;
		};
/* End PBXHeadersBuildPhase section */

/* Begin PBXNativeTarget section */
		76056F74157C140D004CE04B /* natives */ = {
			isa = PBXNativeTarget;
			buildConfigurationList = 76056F82157C140D004CE04B /* Build configuration list for PBXNativeTarget "natives" */;
			buildPhases = (
				76056F71157C140D004CE04B /* Sources */,
				76056F72157C140D004CE04B /* Frameworks */,
				76056F73157C140D004CE04B /* Headers */,
			);
			buildRules = (
			);
			dependencies = (
			);
			name = natives;
			productName = natives;
			productReference = 76056F75157C140D004CE04B /* libnatives.a */;
			productType = "com.apple.product-type.library.static";
		};
/* End PBXNativeTarget section */

/* Begin PBXProject section */
		76056F6C157C140D004CE04B /* Project object */ = {
			isa = PBXProject;
			attributes = {
				LastUpgradeCheck = 0420;
			};
			buildConfigurationList = 76056F6F157C140D004CE04B /* Build configuration list for PBXProject "natives" */;
			compatibilityVersion = "Xcode 3.2";
			developmentRegion = English;
			hasScannedForEncodings = 0;
			knownRegions = (
				en,
			);
			mainGroup = 76056F6A157C140D004CE04B;
			productRefGroup = 76056F76157C140D004CE04B /* Products */;
			projectDirPath = "";
			projectRoot = "";
			targets = (
				76056F74157C140D004CE04B /* natives */,
			);
		};
/* End PBXProject section */

/* Begin PBXSourcesBuildPhase section */
		76056F71157C140D004CE04B /* Sources */ = {
			isa = PBXSourcesBuildPhase;
			buildActionMask = 2147483647;
			files = (
				7605713F157C15EF004CE04B /* b2BroadPhase.cpp in Sources */,
				76057141157C15EF004CE04B /* b2CollideCircle.cpp in Sources */,
				76057142157C15EF004CE04B /* b2CollideEdge.cpp in Sources */,
				76057143157C15EF004CE04B /* b2CollidePolygon.cpp in Sources */,
				76057144157C15EF004CE04B /* b2Collision.cpp in Sources */,
				76057146157C15EF004CE04B /* b2Distance.cpp in Sources */,
				76057148157C15EF004CE04B /* b2DynamicTree.cpp in Sources */,
				7605714A157C15EF004CE04B /* b2TimeOfImpact.cpp in Sources */,
				7605714C157C15EF004CE04B /* b2ChainShape.cpp in Sources */,
				7605714E157C15EF004CE04B /* b2CircleShape.cpp in Sources */,
				76057150157C15EF004CE04B /* b2EdgeShape.cpp in Sources */,
				76057152157C15EF004CE04B /* b2PolygonShape.cpp in Sources */,
				76057155157C15EF004CE04B /* b2BlockAllocator.cpp in Sources */,
				76057157157C15EF004CE04B /* b2Draw.cpp in Sources */,
				7605715A157C15EF004CE04B /* b2Math.cpp in Sources */,
				7605715C157C15EF004CE04B /* b2Settings.cpp in Sources */,
				7605715E157C15EF004CE04B /* b2StackAllocator.cpp in Sources */,
				76057160157C15EF004CE04B /* b2Timer.cpp in Sources */,
				76057162157C15EF004CE04B /* b2Body.cpp in Sources */,
				76057164157C15EF004CE04B /* b2ContactManager.cpp in Sources */,
				76057166157C15EF004CE04B /* b2Fixture.cpp in Sources */,
				76057168157C15EF004CE04B /* b2Island.cpp in Sources */,
				7605716B157C15EF004CE04B /* b2World.cpp in Sources */,
				7605716D157C15EF004CE04B /* b2WorldCallbacks.cpp in Sources */,
				7605716F157C15EF004CE04B /* b2ChainAndCircleContact.cpp in Sources */,
				76057171157C15EF004CE04B /* b2ChainAndPolygonContact.cpp in Sources */,
				76057173157C15EF004CE04B /* b2CircleContact.cpp in Sources */,
				76057175157C15EF004CE04B /* b2Contact.cpp in Sources */,
				76057177157C15EF004CE04B /* b2ContactSolver.cpp in Sources */,
				76057179157C15EF004CE04B /* b2EdgeAndCircleContact.cpp in Sources */,
				7605717B157C15EF004CE04B /* b2EdgeAndPolygonContact.cpp in Sources */,
				7605717D157C15EF004CE04B /* b2PolygonAndCircleContact.cpp in Sources */,
				7605717F157C15EF004CE04B /* b2PolygonContact.cpp in Sources */,
				76057181157C15EF004CE04B /* b2DistanceJoint.cpp in Sources */,
				76057183157C15EF004CE04B /* b2FrictionJoint.cpp in Sources */,
				76057185157C15EF004CE04B /* b2GearJoint.cpp in Sources */,
				76057187157C15EF004CE04B /* b2Joint.cpp in Sources */,
				76057189157C15EF004CE04B /* b2MouseJoint.cpp in Sources */,
				7605718B157C15EF004CE04B /* b2PrismaticJoint.cpp in Sources */,
				7605718D157C15EF004CE04B /* b2PulleyJoint.cpp in Sources */,
				7605718F157C15EF004CE04B /* b2RevoluteJoint.cpp in Sources */,
				76057191157C15EF004CE04B /* b2RopeJoint.cpp in Sources */,
				76057193157C15EF004CE04B /* b2WeldJoint.cpp in Sources */,
				76057195157C15EF004CE04B /* b2WheelJoint.cpp in Sources */,
				76057197157C15EF004CE04B /* b2Rope.cpp in Sources */,
				760571E1157C1713004CE04B /* com.badlogic.gdx.graphics.g2d.Gdx2DPixmap.cpp in Sources */,
				760571E3157C1713004CE04B /* com.badlogic.gdx.graphics.g3d.loaders.md5.MD5Jni.cpp in Sources */,
				760571E5157C1713004CE04B /* com.badlogic.gdx.graphics.glutils.ETC1.cpp in Sources */,
				760571E7157C1713004CE04B /* com.badlogic.gdx.math.Matrix4.cpp in Sources */,
				760571E9157C1713004CE04B /* com.badlogic.gdx.physics.box2d.Body.cpp in Sources */,
				760571EB157C1713004CE04B /* com.badlogic.gdx.physics.box2d.ChainShape.cpp in Sources */,
				760571ED157C1713004CE04B /* com.badlogic.gdx.physics.box2d.CircleShape.cpp in Sources */,
				760571EF157C1713004CE04B /* com.badlogic.gdx.physics.box2d.Contact.cpp in Sources */,
				760571F1157C1713004CE04B /* com.badlogic.gdx.physics.box2d.ContactImpulse.cpp in Sources */,
				760571F3157C1713004CE04B /* com.badlogic.gdx.physics.box2d.EdgeShape.cpp in Sources */,
				760571F5157C1713004CE04B /* com.badlogic.gdx.physics.box2d.Fixture.cpp in Sources */,
				760571F7157C1713004CE04B /* com.badlogic.gdx.physics.box2d.Joint.cpp in Sources */,
				760571F9157C1713004CE04B /* com.badlogic.gdx.physics.box2d.joints.DistanceJoint.cpp in Sources */,
				760571FB157C1713004CE04B /* com.badlogic.gdx.physics.box2d.joints.FrictionJoint.cpp in Sources */,
				760571FD157C1713004CE04B /* com.badlogic.gdx.physics.box2d.joints.GearJoint.cpp in Sources */,
				760571FF157C1713004CE04B /* com.badlogic.gdx.physics.box2d.joints.MouseJoint.cpp in Sources */,
				76057201157C1713004CE04B /* com.badlogic.gdx.physics.box2d.joints.PrismaticJoint.cpp in Sources */,
				76057203157C1713004CE04B /* com.badlogic.gdx.physics.box2d.joints.PulleyJoint.cpp in Sources */,
				76057205157C1713004CE04B /* com.badlogic.gdx.physics.box2d.joints.RevoluteJoint.cpp in Sources */,
				76057207157C1713004CE04B /* com.badlogic.gdx.physics.box2d.joints.RopeJoint.cpp in Sources */,
				76057209157C1713004CE04B /* com.badlogic.gdx.physics.box2d.joints.WheelJoint.cpp in Sources */,
				7605720B157C1713004CE04B /* com.badlogic.gdx.physics.box2d.Manifold.cpp in Sources */,
				7605720D157C1713004CE04B /* com.badlogic.gdx.physics.box2d.PolygonShape.cpp in Sources */,
				7605720F157C1713004CE04B /* com.badlogic.gdx.physics.box2d.Shape.cpp in Sources */,
				76057211157C1713004CE04B /* com.badlogic.gdx.physics.box2d.World.cpp in Sources */,
				76057213157C1713004CE04B /* com.badlogic.gdx.utils.BufferUtils.cpp in Sources */,
				76057215157C1713004CE04B /* etc1_utils.cpp in Sources */,
				76057217157C1713004CE04B /* gdx2d.c in Sources */,
				76057219157C1713004CE04B /* stb_image.c in Sources */,
				7657C33E1582B4FF0067030A /* iosgles20.cpp in Sources */,
			);
			runOnlyForDeploymentPostprocessing = 0;
		};
/* End PBXSourcesBuildPhase section */

/* Begin XCBuildConfiguration section */
		76056F80157C140D004CE04B /* Debug */ = {
			isa = XCBuildConfiguration;
			buildSettings = {
				ALWAYS_SEARCH_USER_PATHS = NO;
				ARCHS = "$(ARCHS_STANDARD_32_BIT)";
				COPY_PHASE_STRIP = NO;
				GCC_C_LANGUAGE_STANDARD = gnu99;
				GCC_DYNAMIC_NO_PIC = NO;
				GCC_OPTIMIZATION_LEVEL = 0;
				GCC_PREPROCESSOR_DEFINITIONS = (
					"DEBUG=1",
					"$(inherited)",
				);
				GCC_SYMBOLS_PRIVATE_EXTERN = NO;
				GCC_VERSION = com.apple.compilers.llvm.clang.1_0;
				GCC_WARN_ABOUT_MISSING_PROTOTYPES = YES;
				GCC_WARN_ABOUT_RETURN_TYPE = YES;
				GCC_WARN_UNUSED_VARIABLE = YES;
				IPHONEOS_DEPLOYMENT_TARGET = 5.0;
				SDKROOT = iphoneos;
			};
			name = Debug;
		};
		76056F81157C140D004CE04B /* Release */ = {
			isa = XCBuildConfiguration;
			buildSettings = {
				ALWAYS_SEARCH_USER_PATHS = NO;
				ARCHS = "$(ARCHS_STANDARD_32_BIT)";
				COPY_PHASE_STRIP = YES;
				GCC_C_LANGUAGE_STANDARD = gnu99;
				GCC_VERSION = com.apple.compilers.llvm.clang.1_0;
				GCC_WARN_ABOUT_MISSING_PROTOTYPES = YES;
				GCC_WARN_ABOUT_RETURN_TYPE = YES;
				GCC_WARN_UNUSED_VARIABLE = YES;
				IPHONEOS_DEPLOYMENT_TARGET = 5.0;
				SDKROOT = iphoneos;
				VALIDATE_PRODUCT = YES;
			};
			name = Release;
		};
		76056F83157C140D004CE04B /* Debug */ = {
			isa = XCBuildConfiguration;
			buildSettings = {
				DSTROOT = /tmp/natives.dst;
				GCC_PRECOMPILE_PREFIX_HEADER = NO;
				GCC_PREFIX_HEADER = "";
				HEADER_SEARCH_PATHS = ../../../gdx/jni/;
				OTHER_LDFLAGS = "-ObjC";
				PRODUCT_NAME = "$(TARGET_NAME)";
				SKIP_INSTALL = YES;
			};
			name = Debug;
		};
		76056F84157C140D004CE04B /* Release */ = {
			isa = XCBuildConfiguration;
			buildSettings = {
				DSTROOT = /tmp/natives.dst;
				GCC_PRECOMPILE_PREFIX_HEADER = NO;
				GCC_PREFIX_HEADER = "";
				HEADER_SEARCH_PATHS = ../../../gdx/jni/;
				OTHER_LDFLAGS = "-ObjC";
				PRODUCT_NAME = "$(TARGET_NAME)";
				SKIP_INSTALL = YES;
			};
			name = Release;
		};
/* End XCBuildConfiguration section */

/* Begin XCConfigurationList section */
		76056F6F157C140D004CE04B /* Build configuration list for PBXProject "natives" */ = {
			isa = XCConfigurationList;
			buildConfigurations = (
				76056F80157C140D004CE04B /* Debug */,
				76056F81157C140D004CE04B /* Release */,
			);
			defaultConfigurationIsVisible = 0;
			defaultConfigurationName = Release;
		};
		76056F82157C140D004CE04B /* Build configuration list for PBXNativeTarget "natives" */ = {
			isa = XCConfigurationList;
			buildConfigurations = (
				76056F83157C140D004CE04B /* Debug */,
				76056F84157C140D004CE04B /* Release */,
			);
			defaultConfigurationIsVisible = 0;
			defaultConfigurationName = Release;
		};
/* End XCConfigurationList section */
	};
	rootObject = 76056F6C157C140D004CE04B /* Project object */;
}
