<?xml version="1.0" encoding="UTF-8" standalone="yes" ?>
<CodeBlocks_project_file>
	<FileVersion major="1" minor="6" />
	<Project>
		<Option title="Demo Console" />
		<Option compiler="gcc" />
		<Build>
			<Target title="Debug">
				<Option output="bin\Debug\CommandLine.exe" prefix_auto="0" extension_auto="0" />
				<Option working_dir="bin\Debug" />
				<Option object_output=".\obj\Debug" />
				<Option external_deps="..\lib\libOIS_static_d.a;" />
				<Option type="1" />
				<Option compiler="gcc" />
				<Option projectResourceIncludeDirsRelation="0" />
				<Compiler>
					<Add option="-g" />
					<Add option="-O0" />
					<Add option="-D_DEBUG" />
					<Add option="-D_STLP_DEBUG" />
				</Compiler>
				<Linker>
					<Add library="OIS_static_d" />
					<Add library="dinput8" />
					<Add library="dxguid" />
				</Linker>
			</Target>
			<Target title="Release">
				<Option output="bin\Release\CommandLine.exe" prefix_auto="0" extension_auto="0" />
				<Option working_dir="bin\Release" />
				<Option object_output=".\obj\Release" />
				<Option external_deps="..\lib\libOIS_static.a;" />
				<Option type="1" />
				<Option compiler="gcc" />
				<Option projectResourceIncludeDirsRelation="0" />
				<Compiler>
					<Add option="-O2" />
					<Add option="-DNDEBUG" />
				</Compiler>
				<Linker>
					<Add option="-s" />
					<Add library="OIS_static" />
					<Add library="dinput8" />
					<Add library="dxguid" />
				</Linker>
			</Target>
		</Build>
		<VirtualTargets>
			<Add alias="All" targets="Debug;Release;" />
		</VirtualTargets>
		<Compiler>
			<Add option="-Wall" />
			<Add option="-mthreads" />
			<Add option="-fmessage-length=0" />
			<Add option="-fexceptions" />
			<Add option="-fident" />
			<Add option="-pipe" />
			<Add option="-DWIN32" />
			<Add option="-D_CONSOLE" />
			<Add directory="..\..\includes" />
			<Add directory="..\CommandLine\" />
		</Compiler>
		<Linker>
			<Add option="-Wl,--enable-auto-image-base" />
			<Add option="-Wl,--add-stdcall-alias" />
			<Add directory="..\..\lib" />
			<Add directory="..\..\dll" />
		</Linker>
		<Unit filename="CommandLine.rc">
			<Option compilerVar="WINDRES" />
		</Unit>
		<Unit filename="resource.h" />
		<Unit filename="..\..\demos\OISConsole.cpp" />
		<Extensions>
			<code_completion />
			<envvars />
			<debugger />
		</Extensions>
	</Project>
</CodeBlocks_project_file>
